{
  "object": {
    "pins": [
      {
        "package": "MarkdownKit",
        "repositoryURL": "https://github.com/objecthub/swift-markdownkit",
        "state": {
          "branch": null,
          "revision": "c6c009353863779ee5855b1cf58ced6a3b851f3e",
          "version": "1.1.5"
        }
      }
    ]
  },
  "version": 1
}
