// !$*UTF8*$!
{
	archiveVersion = 1;
	classes = {
	};
	objectVersion = 52;
	objects = {

/* Begin PBXBuildFile section */
		4D07A6C929434E69007E83B6 /* TutorialAbout.framework in Frameworks */ = {isa = PBXBuildFile; fileRef = 4D07A6C329434E69007E83B6 /* TutorialAbout.framework */; };
		4D07A6CA29434E69007E83B6 /* TutorialAbout.framework in Embed Frameworks */ = {isa = PBXBuildFile; fileRef = 4D07A6C329434E69007E83B6 /* TutorialAbout.framework */; settings = {ATTRIBUTES = (CodeSignOnCopy, RemoveHeadersOnCopy, ); }; };
		4D3AFA012942E11F00F18C1A /* TutorialOnboarding.h in Headers */ = {isa = PBXBuildFile; fileRef = 4D3AFA002942E11F00F18C1A /* TutorialOnboarding.h */; settings = {ATTRIBUTES = (Public, ); }; };
		4D3AFA042942E11F00F18C1A /* TutorialOnboarding.framework in Frameworks */ = {isa = PBXBuildFile; fileRef = 4D3AF9FE2942E11F00F18C1A /* TutorialOnboarding.framework */; };
		4D3AFA052942E11F00F18C1A /* TutorialOnboarding.framework in Embed Frameworks */ = {isa = PBXBuildFile; fileRef = 4D3AF9FE2942E11F00F18C1A /* TutorialOnboarding.framework */; settings = {ATTRIBUTES = (CodeSignOnCopy, RemoveHeadersOnCopy, ); }; };
		4D3AFA0D2942E2C000F18C1A /* Assets.xcassets in Resources */ = {isa = PBXBuildFile; fileRef = 4D3AFA0B2942E2BF00F18C1A /* Assets.xcassets */; };
		4D3AFA132942E3C800F18C1A /* Color+Extension.swift in Sources */ = {isa = PBXBuildFile; fileRef = 4D3AFA122942E3C800F18C1A /* Color+Extension.swift */; };
		4D3AFA142942E3C800F18C1A /* Color+Extension.swift in Sources */ = {isa = PBXBuildFile; fileRef = 4D3AFA122942E3C800F18C1A /* Color+Extension.swift */; };
		4D3AFA162942E3DC00F18C1A /* Image+Extension.swift in Sources */ = {isa = PBXBuildFile; fileRef = 4D3AFA152942E3DC00F18C1A /* Image+Extension.swift */; };
		4D3AFA172942E3DC00F18C1A /* Image+Extension.swift in Sources */ = {isa = PBXBuildFile; fileRef = 4D3AFA152942E3DC00F18C1A /* Image+Extension.swift */; };
		4D3AFA1A2942E6D900F18C1A /* Onboarding.swift in Sources */ = {isa = PBXBuildFile; fileRef = 4D3AFA192942E6D900F18C1A /* Onboarding.swift */; };
		4D3AFA1B2942E6D900F18C1A /* Onboarding.swift in Sources */ = {isa = PBXBuildFile; fileRef = 4D3AFA192942E6D900F18C1A /* Onboarding.swift */; };
		4D3AFA212942ED9700F18C1A /* OnboardingView.swift in Sources */ = {isa = PBXBuildFile; fileRef = 4D3AFA202942ED9700F18C1A /* OnboardingView.swift */; };
		4D3AFA222942ED9700F18C1A /* OnboardingView.swift in Sources */ = {isa = PBXBuildFile; fileRef = 4D3AFA202942ED9700F18C1A /* OnboardingView.swift */; };
		4D3AFA242942F88300F18C1A /* PageView.swift in Sources */ = {isa = PBXBuildFile; fileRef = 4D3AFA232942F88300F18C1A /* PageView.swift */; };
		4D3AFA252942F88300F18C1A /* PageView.swift in Sources */ = {isa = PBXBuildFile; fileRef = 4D3AFA232942F88300F18C1A /* PageView.swift */; };
		4D3AFA282942F99300F18C1A /* Fonts in Resources */ = {isa = PBXBuildFile; fileRef = 4D3AFA262942F99300F18C1A /* Fonts */; };
		4D58C7422940D89A00473FF8 /* FavoritesRepository.swift in Sources */ = {isa = PBXBuildFile; fileRef = 4D58C7412940D89900473FF8 /* FavoritesRepository.swift */; };
		4D58C7452940DB7000473FF8 /* FavoritesListView.swift in Sources */ = {isa = PBXBuildFile; fileRef = 4D58C7442940DB7000473FF8 /* FavoritesListView.swift */; };
		4D58C7472940E0A300473FF8 /* FavoriteItemDetailView.swift in Sources */ = {isa = PBXBuildFile; fileRef = 4D58C7462940E0A300473FF8 /* FavoriteItemDetailView.swift */; };
		4D5CC23D29484829003E9846 /* SideBarView.swift in Sources */ = {isa = PBXBuildFile; fileRef = 4D5CC23C29484829003E9846 /* SideBarView.swift */; };
		4D5CC24029485179003E9846 /* TabBarView.swift in Sources */ = {isa = PBXBuildFile; fileRef = 4D5CC23F29485179003E9846 /* TabBarView.swift */; };
		4D69629329444D16003EF0A3 /* TutorialAbout in Frameworks */ = {isa = PBXBuildFile; productRef = 4D69629229444D16003EF0A3 /* TutorialAbout */; };
		4D6962A829444E83003EF0A3 /* Contents.json in Resources */ = {isa = PBXBuildFile; fileRef = 4D69629529444E83003EF0A3 /* Contents.json */; };
		4D6962A929444E83003EF0A3 /* Icon-20.png in Resources */ = {isa = PBXBuildFile; fileRef = 4D69629629444E83003EF0A3 /* Icon-20.png */; };
		4D6962AA29444E83003EF0A3 /* Icon-60.png in Resources */ = {isa = PBXBuildFile; fileRef = 4D69629729444E83003EF0A3 /* Icon-60.png */; };
		4D6962AB29444E83003EF0A3 /* Icon-60@2x.png in Resources */ = {isa = PBXBuildFile; fileRef = 4D69629829444E83003EF0A3 /* Icon-60@2x.png */; };
		4D6962AC29444E83003EF0A3 /* Icon-60@3x.png in Resources */ = {isa = PBXBuildFile; fileRef = 4D69629929444E83003EF0A3 /* Icon-60@3x.png */; };
		4D6962AD29444E83003EF0A3 /* Icon-76.png in Resources */ = {isa = PBXBuildFile; fileRef = 4D69629A29444E83003EF0A3 /* Icon-76.png */; };
		4D6962AE29444E83003EF0A3 /* Icon-76@2x.png in Resources */ = {isa = PBXBuildFile; fileRef = 4D69629B29444E83003EF0A3 /* Icon-76@2x.png */; };
		4D6962AF29444E83003EF0A3 /* Icon-App-1024x1024.png in Resources */ = {isa = PBXBuildFile; fileRef = 4D69629C29444E83003EF0A3 /* Icon-App-1024x1024.png */; };
		4D6962B029444E83003EF0A3 /* Icon-iPadPro_83.5.png in Resources */ = {isa = PBXBuildFile; fileRef = 4D69629D29444E83003EF0A3 /* Icon-iPadPro_83.5.png */; };
		4D6962B129444E83003EF0A3 /* Icon-Small-40.png in Resources */ = {isa = PBXBuildFile; fileRef = 4D69629E29444E83003EF0A3 /* Icon-Small-40.png */; };
		4D6962B229444E83003EF0A3 /* Icon-Small-40@2x-1.png in Resources */ = {isa = PBXBuildFile; fileRef = 4D69629F29444E83003EF0A3 /* Icon-Small-40@2x-1.png */; };
		4D6962B329444E83003EF0A3 /* Icon-Small-40@2x.png in Resources */ = {isa = PBXBuildFile; fileRef = 4D6962A029444E83003EF0A3 /* Icon-Small-40@2x.png */; };
		4D6962B429444E83003EF0A3 /* Icon-Small-40@3x.png in Resources */ = {isa = PBXBuildFile; fileRef = 4D6962A129444E83003EF0A3 /* Icon-Small-40@3x.png */; };
		4D6962B529444E83003EF0A3 /* Icon-Small-41.png in Resources */ = {isa = PBXBuildFile; fileRef = 4D6962A229444E83003EF0A3 /* Icon-Small-41.png */; };
		4D6962B629444E83003EF0A3 /* Icon-Small-42.png in Resources */ = {isa = PBXBuildFile; fileRef = 4D6962A329444E83003EF0A3 /* Icon-Small-42.png */; };
		4D6962B729444E83003EF0A3 /* Icon-Small.png in Resources */ = {isa = PBXBuildFile; fileRef = 4D6962A429444E83003EF0A3 /* Icon-Small.png */; };
		4D6962B829444E83003EF0A3 /* Icon-Small@2x-1.png in Resources */ = {isa = PBXBuildFile; fileRef = 4D6962A529444E83003EF0A3 /* Icon-Small@2x-1.png */; };
		4D6962B929444E83003EF0A3 /* Icon-Small@2x.png in Resources */ = {isa = PBXBuildFile; fileRef = 4D6962A629444E83003EF0A3 /* Icon-Small@2x.png */; };
		4D6962BA29444E83003EF0A3 /* Icon-Small@3x.png in Resources */ = {isa = PBXBuildFile; fileRef = 4D6962A729444E83003EF0A3 /* Icon-Small@3x.png */; };
		4D8541D52946D1AB002B2863 /* PetKit.h in Headers */ = {isa = PBXBuildFile; fileRef = 4D8541D42946D1AB002B2863 /* PetKit.h */; settings = {ATTRIBUTES = (Public, ); }; };
		4D8541D82946D1AB002B2863 /* PetKit.framework in Frameworks */ = {isa = PBXBuildFile; fileRef = 4D8541D22946D1AB002B2863 /* PetKit.framework */; };
		4D8541D92946D1AB002B2863 /* PetKit.framework in Embed Frameworks */ = {isa = PBXBuildFile; fileRef = 4D8541D22946D1AB002B2863 /* PetKit.framework */; settings = {ATTRIBUTES = (CodeSignOnCopy, RemoveHeadersOnCopy, ); }; };
		4D8541E02946E274002B2863 /* Nurture.h in Headers */ = {isa = PBXBuildFile; fileRef = 4D8541DE2946E274002B2863 /* Nurture.h */; settings = {ATTRIBUTES = (Public, ); }; };
		4D8541E22946E274002B2863 /* Nurture.m in Sources */ = {isa = PBXBuildFile; fileRef = 4D8541DF2946E274002B2863 /* Nurture.m */; };
		4D8541E52946E33F002B2863 /* NurtureItem.h in Headers */ = {isa = PBXBuildFile; fileRef = 4D8541E32946E33F002B2863 /* NurtureItem.h */; settings = {ATTRIBUTES = (Public, ); }; };
		4D8541E72946E33F002B2863 /* NurtureItem.m in Sources */ = {isa = PBXBuildFile; fileRef = 4D8541E42946E33F002B2863 /* NurtureItem.m */; };
		4D8541EA2946EE2E002B2863 /* Nurture.swift in Sources */ = {isa = PBXBuildFile; fileRef = 4D8541E82946EE2E002B2863 /* Nurture.swift */; };
		4D8541EC2946F13B002B2863 /* NurtureItem+Extension.swift in Sources */ = {isa = PBXBuildFile; fileRef = 4D8541EB2946F13B002B2863 /* NurtureItem+Extension.swift */; };
		4D8541F02946F363002B2863 /* Bundle+Extension.swift in Sources */ = {isa = PBXBuildFile; fileRef = 4D8541EF2946F363002B2863 /* Bundle+Extension.swift */; };
		4D8541F22946F6E4002B2863 /* Bundle+Extension.swift in Sources */ = {isa = PBXBuildFile; fileRef = 4D8541EF2946F363002B2863 /* Bundle+Extension.swift */; };
		4DA12B9D293EFC06007A45B7 /* SearchBar.swift in Sources */ = {isa = PBXBuildFile; fileRef = 4DA12B9C293EFC06007A45B7 /* SearchBar.swift */; };
		4DA1ED8529409F630087BD37 /* GoogleService-Info.plist in Resources */ = {isa = PBXBuildFile; fileRef = 4DA1ED8429409F630087BD37 /* GoogleService-Info.plist */; };
		4DA1ED882940A27D0087BD37 /* FirebaseAnalytics in Frameworks */ = {isa = PBXBuildFile; productRef = 4DA1ED872940A27D0087BD37 /* FirebaseAnalytics */; };
		4DA1ED8A2940A27D0087BD37 /* FirebaseAnalyticsWithoutAdIdSupport in Frameworks */ = {isa = PBXBuildFile; productRef = 4DA1ED892940A27D0087BD37 /* FirebaseAnalyticsWithoutAdIdSupport */; };
		4DA1ED8C2940A27D0087BD37 /* FirebaseAuth in Frameworks */ = {isa = PBXBuildFile; productRef = 4DA1ED8B2940A27D0087BD37 /* FirebaseAuth */; };
		4DA1ED8E2940A27D0087BD37 /* FirebaseDatabase in Frameworks */ = {isa = PBXBuildFile; productRef = 4DA1ED8D2940A27D0087BD37 /* FirebaseDatabase */; };
		4DA1ED902940A27D0087BD37 /* FirebaseFirestore in Frameworks */ = {isa = PBXBuildFile; productRef = 4DA1ED8F2940A27D0087BD37 /* FirebaseFirestore */; };
		4DA1ED922940A27D0087BD37 /* FirebaseStorage in Frameworks */ = {isa = PBXBuildFile; productRef = 4DA1ED912940A27D0087BD37 /* FirebaseStorage */; };
		4DB1E0B6294035F000E1CA8D /* NetworkError.swift in Sources */ = {isa = PBXBuildFile; fileRef = 4DB1E0B5294035F000E1CA8D /* NetworkError.swift */; };
		4DB1E0B82940461D00E1CA8D /* SearchBarView.swift in Sources */ = {isa = PBXBuildFile; fileRef = 4DB1E0B72940461D00E1CA8D /* SearchBarView.swift */; };
		4DB94E04293E26BF007C8064 /* AddTodoView.swift in Sources */ = {isa = PBXBuildFile; fileRef = 4DB94E03293E26BF007C8064 /* AddTodoView.swift */; };
		4DB94E06293E2D53007C8064 /* Todo.swift in Sources */ = {isa = PBXBuildFile; fileRef = 4DB94E05293E2D53007C8064 /* Todo.swift */; };
		4DB94E08293E3690007C8064 /* NoDataView.swift in Sources */ = {isa = PBXBuildFile; fileRef = 4DB94E07293E3690007C8064 /* NoDataView.swift */; };
		4DB94E0A293E3BCA007C8064 /* TodoListRowView.swift in Sources */ = {isa = PBXBuildFile; fileRef = 4DB94E09293E3BCA007C8064 /* TodoListRowView.swift */; };
		4DB94E0C293E3DC3007C8064 /* TodoItemDetailView.swift in Sources */ = {isa = PBXBuildFile; fileRef = 4DB94E0B293E3DC3007C8064 /* TodoItemDetailView.swift */; };
		4DB94E15293E56ED007C8064 /* Todo.xcdatamodeld in Sources */ = {isa = PBXBuildFile; fileRef = 4DB94E13293E56ED007C8064 /* Todo.xcdatamodeld */; };
		4DB94E17293E5796007C8064 /* Persistence.swift in Sources */ = {isa = PBXBuildFile; fileRef = 4DB94E16293E5796007C8064 /* Persistence.swift */; };
		4DBAD28926AF38AE0057A5FF /* TodoApp.swift in Sources */ = {isa = PBXBuildFile; fileRef = 4DBAD28826AF38AE0057A5FF /* TodoApp.swift */; };
		4DBAD28B26AF38AE0057A5FF /* TodoListView.swift in Sources */ = {isa = PBXBuildFile; fileRef = 4DBAD28A26AF38AE0057A5FF /* TodoListView.swift */; };
		4DBAD28D26AF38B90057A5FF /* Assets.xcassets in Resources */ = {isa = PBXBuildFile; fileRef = 4DBAD28C26AF38B90057A5FF /* Assets.xcassets */; };
		4DBAD29026AF38B90057A5FF /* Preview Assets.xcassets in Resources */ = {isa = PBXBuildFile; fileRef = 4DBAD28F26AF38B90057A5FF /* Preview Assets.xcassets */; };
		4DF8569629471EB500DDC2A6 /* ImageButton.swift in Sources */ = {isa = PBXBuildFile; fileRef = 4DF8569529471EB500DDC2A6 /* ImageButton.swift */; };
		4DF8569C29471FBF00DDC2A6 /* AddNurtureItemView.swift in Sources */ = {isa = PBXBuildFile; fileRef = 4DF8569829471FBF00DDC2A6 /* AddNurtureItemView.swift */; };
		4DF8569D29471FBF00DDC2A6 /* NurtureRow.swift in Sources */ = {isa = PBXBuildFile; fileRef = 4DF8569929471FBF00DDC2A6 /* NurtureRow.swift */; };
		4DF8569E29471FBF00DDC2A6 /* NurtureListView.swift in Sources */ = {isa = PBXBuildFile; fileRef = 4DF8569A29471FBF00DDC2A6 /* NurtureListView.swift */; };
		4DF8569F29471FBF00DDC2A6 /* ImagePicker.swift in Sources */ = {isa = PBXBuildFile; fileRef = 4DF8569B29471FBF00DDC2A6 /* ImagePicker.swift */; };
		4DFC42FA29430C5B00ABBE56 /* OnboardingButtonStyle.swift in Sources */ = {isa = PBXBuildFile; fileRef = 4DFC42F929430C5B00ABBE56 /* OnboardingButtonStyle.swift */; };
		4DFC42FD29430FFA00ABBE56 /* AppUserDefaultsKeys.swift in Sources */ = {isa = PBXBuildFile; fileRef = 4DFC42FC29430FFA00ABBE56 /* AppUserDefaultsKeys.swift */; };
		4DFC42FE2943120B00ABBE56 /* OnboardingButtonStyle.swift in Sources */ = {isa = PBXBuildFile; fileRef = 4DFC42F929430C5B00ABBE56 /* OnboardingButtonStyle.swift */; };
		4DFC42FF294313DD00ABBE56 /* Fonts in Resources */ = {isa = PBXBuildFile; fileRef = 4D3AFA262942F99300F18C1A /* Fonts */; };
		4DFEC107293F4B0900590ED0 /* Nunito-VariableFont_wght.ttf in Resources */ = {isa = PBXBuildFile; fileRef = 4DFEC103293F4B0900590ED0 /* Nunito-VariableFont_wght.ttf */; };
		4DFEC108293F4B0900590ED0 /* Nunito-Regular.ttf in Resources */ = {isa = PBXBuildFile; fileRef = 4DFEC104293F4B0900590ED0 /* Nunito-Regular.ttf */; };
		4DFEC109293F4B0900590ED0 /* Nunito-Bold.ttf in Resources */ = {isa = PBXBuildFile; fileRef = 4DFEC105293F4B0900590ED0 /* Nunito-Bold.ttf */; };
		4DFEC10A293F4B0900590ED0 /* Nunito-Italic-VariableFont_wght.ttf in Resources */ = {isa = PBXBuildFile; fileRef = 4DFEC106293F4B0900590ED0 /* Nunito-Italic-VariableFont_wght.ttf */; };
		4DFEC10E293F4DDC00590ED0 /* Forms.swift in Sources */ = {isa = PBXBuildFile; fileRef = 4DFEC10D293F4DDC00590ED0 /* Forms.swift */; };
		4DFEC110293F547E00590ED0 /* TodoFormViewModel.swift in Sources */ = {isa = PBXBuildFile; fileRef = 4DFEC10F293F547E00590ED0 /* TodoFormViewModel.swift */; };
		4DFEC113293F922F00590ED0 /* MainView.swift in Sources */ = {isa = PBXBuildFile; fileRef = 4DFEC112293F922F00590ED0 /* MainView.swift */; };
		4DFEC115293FA99C00590ED0 /* GithubUsersListView.swift in Sources */ = {isa = PBXBuildFile; fileRef = 4DFEC114293FA99C00590ED0 /* GithubUsersListView.swift */; };
		4DFEC118293FB34500590ED0 /* URLImage in Frameworks */ = {isa = PBXBuildFile; productRef = 4DFEC117293FB34500590ED0 /* URLImage */; };
		4DFEC11A293FB7D300590ED0 /* APIConstants.swift in Sources */ = {isa = PBXBuildFile; fileRef = 4DFEC119293FB7D300590ED0 /* APIConstants.swift */; };
		4DFEC11C293FB95500590ED0 /* GithubUser.swift in Sources */ = {isa = PBXBuildFile; fileRef = 4DFEC11B293FB95500590ED0 /* GithubUser.swift */; };
		4DFEC11E293FBA4B00590ED0 /* GithubUserRepository.swift in Sources */ = {isa = PBXBuildFile; fileRef = 4DFEC11D293FBA4B00590ED0 /* GithubUserRepository.swift */; };
/* End PBXBuildFile section */

/* Begin PBXContainerItemProxy section */
		4D07A6C729434E69007E83B6 /* PBXContainerItemProxy */ = {
			isa = PBXContainerItemProxy;
			containerPortal = 4DBAD27D26AF38AE0057A5FF /* Project object */;
			proxyType = 1;
			remoteGlobalIDString = 4D07A6C229434E69007E83B6;
			remoteInfo = TutorialAbout;
		};
		4D3AFA022942E11F00F18C1A /* PBXContainerItemProxy */ = {
			isa = PBXContainerItemProxy;
			containerPortal = 4DBAD27D26AF38AE0057A5FF /* Project object */;
			proxyType = 1;
			remoteGlobalIDString = 4D3AF9FD2942E11F00F18C1A;
			remoteInfo = TutorialOnboarding;
		};
		4D8541D62946D1AB002B2863 /* PBXContainerItemProxy */ = {
			isa = PBXContainerItemProxy;
			containerPortal = 4DBAD27D26AF38AE0057A5FF /* Project object */;
			proxyType = 1;
			remoteGlobalIDString = 4D8541D12946D1AB002B2863;
			remoteInfo = PetKit;
		};
/* End PBXContainerItemProxy section */

/* Begin PBXCopyFilesBuildPhase section */
		4D3AFA062942E11F00F18C1A /* Embed Frameworks */ = {
			isa = PBXCopyFilesBuildPhase;
			buildActionMask = 2147483647;
			dstPath = "";
			dstSubfolderSpec = 10;
			files = (
				4D07A6CA29434E69007E83B6 /* TutorialAbout.framework in Embed Frameworks */,
				4D3AFA052942E11F00F18C1A /* TutorialOnboarding.framework in Embed Frameworks */,
				4D8541D92946D1AB002B2863 /* PetKit.framework in Embed Frameworks */,
			);
			name = "Embed Frameworks";
			runOnlyForDeploymentPostprocessing = 0;
		};
/* End PBXCopyFilesBuildPhase section */

/* Begin PBXFileReference section */
		4D07A6C329434E69007E83B6 /* TutorialAbout.framework */ = {isa = PBXFileReference; explicitFileType = wrapper.framework; includeInIndex = 0; path = TutorialAbout.framework; sourceTree = BUILT_PRODUCTS_DIR; };
		4D3AF9FE2942E11F00F18C1A /* TutorialOnboarding.framework */ = {isa = PBXFileReference; explicitFileType = wrapper.framework; includeInIndex = 0; path = TutorialOnboarding.framework; sourceTree = BUILT_PRODUCTS_DIR; };
		4D3AFA002942E11F00F18C1A /* TutorialOnboarding.h */ = {isa = PBXFileReference; lastKnownFileType = sourcecode.c.h; path = TutorialOnboarding.h; sourceTree = "<group>"; };
		4D3AFA0B2942E2BF00F18C1A /* Assets.xcassets */ = {isa = PBXFileReference; lastKnownFileType = folder.assetcatalog; name = Assets.xcassets; path = TodoAppSwifUI/Assets.xcassets; sourceTree = SOURCE_ROOT; };
		4D3AFA122942E3C800F18C1A /* Color+Extension.swift */ = {isa = PBXFileReference; lastKnownFileType = sourcecode.swift; path = "Color+Extension.swift"; sourceTree = "<group>"; };
		4D3AFA152942E3DC00F18C1A /* Image+Extension.swift */ = {isa = PBXFileReference; lastKnownFileType = sourcecode.swift; path = "Image+Extension.swift"; sourceTree = "<group>"; };
		4D3AFA192942E6D900F18C1A /* Onboarding.swift */ = {isa = PBXFileReference; lastKnownFileType = sourcecode.swift; path = Onboarding.swift; sourceTree = "<group>"; };
		4D3AFA202942ED9700F18C1A /* OnboardingView.swift */ = {isa = PBXFileReference; lastKnownFileType = sourcecode.swift; path = OnboardingView.swift; sourceTree = "<group>"; };
		4D3AFA232942F88300F18C1A /* PageView.swift */ = {isa = PBXFileReference; lastKnownFileType = sourcecode.swift; path = PageView.swift; sourceTree = "<group>"; };
		4D3AFA262942F99300F18C1A /* Fonts */ = {isa = PBXFileReference; fileEncoding = 4; lastKnownFileType = text; name = Fonts; path = TodoAppSwifUI/Resources/Fonts; sourceTree = SOURCE_ROOT; };
		4D58C7412940D89900473FF8 /* FavoritesRepository.swift */ = {isa = PBXFileReference; lastKnownFileType = sourcecode.swift; path = FavoritesRepository.swift; sourceTree = "<group>"; };
		4D58C7442940DB7000473FF8 /* FavoritesListView.swift */ = {isa = PBXFileReference; lastKnownFileType = sourcecode.swift; path = FavoritesListView.swift; sourceTree = "<group>"; };
		4D58C7462940E0A300473FF8 /* FavoriteItemDetailView.swift */ = {isa = PBXFileReference; lastKnownFileType = sourcecode.swift; path = FavoriteItemDetailView.swift; sourceTree = "<group>"; };
		4D5CC23A29483FED003E9846 /* TodoAppSwifUI.entitlements */ = {isa = PBXFileReference; lastKnownFileType = text.plist.entitlements; path = TodoAppSwifUI.entitlements; sourceTree = "<group>"; };
		4D5CC23C29484829003E9846 /* SideBarView.swift */ = {isa = PBXFileReference; lastKnownFileType = sourcecode.swift; path = SideBarView.swift; sourceTree = "<group>"; };
		4D5CC23F29485179003E9846 /* TabBarView.swift */ = {isa = PBXFileReference; lastKnownFileType = sourcecode.swift; path = TabBarView.swift; sourceTree = "<group>"; };
		4D69629529444E83003EF0A3 /* Contents.json */ = {isa = PBXFileReference; fileEncoding = 4; lastKnownFileType = text.json; path = Contents.json; sourceTree = "<group>"; };
		4D69629629444E83003EF0A3 /* Icon-20.png */ = {isa = PBXFileReference; lastKnownFileType = image.png; path = "Icon-20.png"; sourceTree = "<group>"; };
		4D69629729444E83003EF0A3 /* Icon-60.png */ = {isa = PBXFileReference; lastKnownFileType = image.png; path = "Icon-60.png"; sourceTree = "<group>"; };
		4D69629829444E83003EF0A3 /* Icon-60@2x.png */ = {isa = PBXFileReference; lastKnownFileType = image.png; path = "Icon-60@2x.png"; sourceTree = "<group>"; };
		4D69629929444E83003EF0A3 /* Icon-60@3x.png */ = {isa = PBXFileReference; lastKnownFileType = image.png; path = "Icon-60@3x.png"; sourceTree = "<group>"; };
		4D69629A29444E83003EF0A3 /* Icon-76.png */ = {isa = PBXFileReference; lastKnownFileType = image.png; path = "Icon-76.png"; sourceTree = "<group>"; };
		4D69629B29444E83003EF0A3 /* Icon-76@2x.png */ = {isa = PBXFileReference; lastKnownFileType = image.png; path = "Icon-76@2x.png"; sourceTree = "<group>"; };
		4D69629C29444E83003EF0A3 /* Icon-App-1024x1024.png */ = {isa = PBXFileReference; lastKnownFileType = image.png; path = "Icon-App-1024x1024.png"; sourceTree = "<group>"; };
		4D69629D29444E83003EF0A3 /* Icon-iPadPro_83.5.png */ = {isa = PBXFileReference; lastKnownFileType = image.png; path = "Icon-iPadPro_83.5.png"; sourceTree = "<group>"; };
		4D69629E29444E83003EF0A3 /* Icon-Small-40.png */ = {isa = PBXFileReference; lastKnownFileType = image.png; path = "Icon-Small-40.png"; sourceTree = "<group>"; };
		4D69629F29444E83003EF0A3 /* Icon-Small-40@2x-1.png */ = {isa = PBXFileReference; lastKnownFileType = image.png; path = "Icon-Small-40@2x-1.png"; sourceTree = "<group>"; };
		4D6962A029444E83003EF0A3 /* Icon-Small-40@2x.png */ = {isa = PBXFileReference; lastKnownFileType = image.png; path = "Icon-Small-40@2x.png"; sourceTree = "<group>"; };
		4D6962A129444E83003EF0A3 /* Icon-Small-40@3x.png */ = {isa = PBXFileReference; lastKnownFileType = image.png; path = "Icon-Small-40@3x.png"; sourceTree = "<group>"; };
		4D6962A229444E83003EF0A3 /* Icon-Small-41.png */ = {isa = PBXFileReference; lastKnownFileType = image.png; path = "Icon-Small-41.png"; sourceTree = "<group>"; };
		4D6962A329444E83003EF0A3 /* Icon-Small-42.png */ = {isa = PBXFileReference; lastKnownFileType = image.png; path = "Icon-Small-42.png"; sourceTree = "<group>"; };
		4D6962A429444E83003EF0A3 /* Icon-Small.png */ = {isa = PBXFileReference; lastKnownFileType = image.png; path = "Icon-Small.png"; sourceTree = "<group>"; };
		4D6962A529444E83003EF0A3 /* Icon-Small@2x-1.png */ = {isa = PBXFileReference; lastKnownFileType = image.png; path = "Icon-Small@2x-1.png"; sourceTree = "<group>"; };
		4D6962A629444E83003EF0A3 /* Icon-Small@2x.png */ = {isa = PBXFileReference; lastKnownFileType = image.png; path = "Icon-Small@2x.png"; sourceTree = "<group>"; };
		4D6962A729444E83003EF0A3 /* Icon-Small@3x.png */ = {isa = PBXFileReference; lastKnownFileType = image.png; path = "Icon-Small@3x.png"; sourceTree = "<group>"; };
		4D8541D22946D1AB002B2863 /* PetKit.framework */ = {isa = PBXFileReference; explicitFileType = wrapper.framework; includeInIndex = 0; path = PetKit.framework; sourceTree = BUILT_PRODUCTS_DIR; };
		4D8541D42946D1AB002B2863 /* PetKit.h */ = {isa = PBXFileReference; lastKnownFileType = sourcecode.c.h; path = PetKit.h; sourceTree = "<group>"; };
		4D8541DD2946E273002B2863 /* TodoAppSwifUI-Bridging-Header.h */ = {isa = PBXFileReference; lastKnownFileType = sourcecode.c.h; path = "TodoAppSwifUI-Bridging-Header.h"; sourceTree = "<group>"; };
		4D8541DE2946E274002B2863 /* Nurture.h */ = {isa = PBXFileReference; lastKnownFileType = sourcecode.c.h; path = Nurture.h; sourceTree = "<group>"; };
		4D8541DF2946E274002B2863 /* Nurture.m */ = {isa = PBXFileReference; lastKnownFileType = sourcecode.c.objc; path = Nurture.m; sourceTree = "<group>"; };
		4D8541E32946E33F002B2863 /* NurtureItem.h */ = {isa = PBXFileReference; lastKnownFileType = sourcecode.c.h; path = NurtureItem.h; sourceTree = "<group>"; };
		4D8541E42946E33F002B2863 /* NurtureItem.m */ = {isa = PBXFileReference; lastKnownFileType = sourcecode.c.objc; path = NurtureItem.m; sourceTree = "<group>"; };
		4D8541E82946EE2E002B2863 /* Nurture.swift */ = {isa = PBXFileReference; lastKnownFileType = sourcecode.swift; path = Nurture.swift; sourceTree = "<group>"; };
		4D8541EB2946F13B002B2863 /* NurtureItem+Extension.swift */ = {isa = PBXFileReference; lastKnownFileType = sourcecode.swift; path = "NurtureItem+Extension.swift"; sourceTree = "<group>"; };
		4D8541EF2946F363002B2863 /* Bundle+Extension.swift */ = {isa = PBXFileReference; lastKnownFileType = sourcecode.swift; path = "Bundle+Extension.swift"; sourceTree = "<group>"; };
		4DA12B9C293EFC06007A45B7 /* SearchBar.swift */ = {isa = PBXFileReference; lastKnownFileType = sourcecode.swift; path = SearchBar.swift; sourceTree = "<group>"; };
		4DA1ED8429409F630087BD37 /* GoogleService-Info.plist */ = {isa = PBXFileReference; fileEncoding = 4; lastKnownFileType = text.plist.xml; path = "GoogleService-Info.plist"; sourceTree = "<group>"; };
		4DB1E0B5294035F000E1CA8D /* NetworkError.swift */ = {isa = PBXFileReference; lastKnownFileType = sourcecode.swift; path = NetworkError.swift; sourceTree = "<group>"; };
		4DB1E0B72940461D00E1CA8D /* SearchBarView.swift */ = {isa = PBXFileReference; lastKnownFileType = sourcecode.swift; path = SearchBarView.swift; sourceTree = "<group>"; };
		4DB94E03293E26BF007C8064 /* AddTodoView.swift */ = {isa = PBXFileReference; lastKnownFileType = sourcecode.swift; path = AddTodoView.swift; sourceTree = "<group>"; };
		4DB94E05293E2D53007C8064 /* Todo.swift */ = {isa = PBXFileReference; lastKnownFileType = sourcecode.swift; path = Todo.swift; sourceTree = "<group>"; };
		4DB94E07293E3690007C8064 /* NoDataView.swift */ = {isa = PBXFileReference; lastKnownFileType = sourcecode.swift; path = NoDataView.swift; sourceTree = "<group>"; };
		4DB94E09293E3BCA007C8064 /* TodoListRowView.swift */ = {isa = PBXFileReference; lastKnownFileType = sourcecode.swift; path = TodoListRowView.swift; sourceTree = "<group>"; };
		4DB94E0B293E3DC3007C8064 /* TodoItemDetailView.swift */ = {isa = PBXFileReference; lastKnownFileType = sourcecode.swift; path = TodoItemDetailView.swift; sourceTree = "<group>"; };
		4DB94E14293E56ED007C8064 /* Todo.xcdatamodel */ = {isa = PBXFileReference; lastKnownFileType = wrapper.xcdatamodel; path = Todo.xcdatamodel; sourceTree = "<group>"; };
		4DB94E16293E5796007C8064 /* Persistence.swift */ = {isa = PBXFileReference; lastKnownFileType = sourcecode.swift; path = Persistence.swift; sourceTree = "<group>"; };
		4DBAD28526AF38AE0057A5FF /* TodoAppSwifUI.app */ = {isa = PBXFileReference; explicitFileType = wrapper.application; includeInIndex = 0; path = TodoAppSwifUI.app; sourceTree = BUILT_PRODUCTS_DIR; };
		4DBAD28826AF38AE0057A5FF /* TodoApp.swift */ = {isa = PBXFileReference; lastKnownFileType = sourcecode.swift; path = TodoApp.swift; sourceTree = "<group>"; };
		4DBAD28A26AF38AE0057A5FF /* TodoListView.swift */ = {isa = PBXFileReference; lastKnownFileType = sourcecode.swift; path = TodoListView.swift; sourceTree = "<group>"; };
		4DBAD28C26AF38B90057A5FF /* Assets.xcassets */ = {isa = PBXFileReference; lastKnownFileType = folder.assetcatalog; path = Assets.xcassets; sourceTree = "<group>"; };
		4DBAD28F26AF38B90057A5FF /* Preview Assets.xcassets */ = {isa = PBXFileReference; lastKnownFileType = folder.assetcatalog; path = "Preview Assets.xcassets"; sourceTree = "<group>"; };
		4DBAD29126AF38B90057A5FF /* Info.plist */ = {isa = PBXFileReference; lastKnownFileType = text.plist.xml; path = Info.plist; sourceTree = "<group>"; };
		4DF8569529471EB500DDC2A6 /* ImageButton.swift */ = {isa = PBXFileReference; lastKnownFileType = sourcecode.swift; path = ImageButton.swift; sourceTree = "<group>"; };
		4DF8569829471FBF00DDC2A6 /* AddNurtureItemView.swift */ = {isa = PBXFileReference; fileEncoding = 4; lastKnownFileType = sourcecode.swift; path = AddNurtureItemView.swift; sourceTree = "<group>"; };
		4DF8569929471FBF00DDC2A6 /* NurtureRow.swift */ = {isa = PBXFileReference; fileEncoding = 4; lastKnownFileType = sourcecode.swift; path = NurtureRow.swift; sourceTree = "<group>"; };
		4DF8569A29471FBF00DDC2A6 /* NurtureListView.swift */ = {isa = PBXFileReference; fileEncoding = 4; lastKnownFileType = sourcecode.swift; path = NurtureListView.swift; sourceTree = "<group>"; };
		4DF8569B29471FBF00DDC2A6 /* ImagePicker.swift */ = {isa = PBXFileReference; fileEncoding = 4; lastKnownFileType = sourcecode.swift; path = ImagePicker.swift; sourceTree = "<group>"; };
		4DFC42F929430C5B00ABBE56 /* OnboardingButtonStyle.swift */ = {isa = PBXFileReference; lastKnownFileType = sourcecode.swift; path = OnboardingButtonStyle.swift; sourceTree = "<group>"; };
		4DFC42FC29430FFA00ABBE56 /* AppUserDefaultsKeys.swift */ = {isa = PBXFileReference; lastKnownFileType = sourcecode.swift; path = AppUserDefaultsKeys.swift; sourceTree = "<group>"; };
		4DFEC103293F4B0900590ED0 /* Nunito-VariableFont_wght.ttf */ = {isa = PBXFileReference; lastKnownFileType = file; path = "Nunito-VariableFont_wght.ttf"; sourceTree = "<group>"; };
		4DFEC104293F4B0900590ED0 /* Nunito-Regular.ttf */ = {isa = PBXFileReference; lastKnownFileType = file; path = "Nunito-Regular.ttf"; sourceTree = "<group>"; };
		4DFEC105293F4B0900590ED0 /* Nunito-Bold.ttf */ = {isa = PBXFileReference; lastKnownFileType = file; path = "Nunito-Bold.ttf"; sourceTree = "<group>"; };
		4DFEC106293F4B0900590ED0 /* Nunito-Italic-VariableFont_wght.ttf */ = {isa = PBXFileReference; lastKnownFileType = file; path = "Nunito-Italic-VariableFont_wght.ttf"; sourceTree = "<group>"; };
		4DFEC10D293F4DDC00590ED0 /* Forms.swift */ = {isa = PBXFileReference; lastKnownFileType = sourcecode.swift; path = Forms.swift; sourceTree = "<group>"; };
		4DFEC10F293F547E00590ED0 /* TodoFormViewModel.swift */ = {isa = PBXFileReference; lastKnownFileType = sourcecode.swift; path = TodoFormViewModel.swift; sourceTree = "<group>"; };
		4DFEC112293F922F00590ED0 /* MainView.swift */ = {isa = PBXFileReference; lastKnownFileType = sourcecode.swift; path = MainView.swift; sourceTree = "<group>"; };
		4DFEC114293FA99C00590ED0 /* GithubUsersListView.swift */ = {isa = PBXFileReference; lastKnownFileType = sourcecode.swift; path = GithubUsersListView.swift; sourceTree = "<group>"; };
		4DFEC119293FB7D300590ED0 /* APIConstants.swift */ = {isa = PBXFileReference; lastKnownFileType = sourcecode.swift; path = APIConstants.swift; sourceTree = "<group>"; };
		4DFEC11B293FB95500590ED0 /* GithubUser.swift */ = {isa = PBXFileReference; lastKnownFileType = sourcecode.swift; path = GithubUser.swift; sourceTree = "<group>"; };
		4DFEC11D293FBA4B00590ED0 /* GithubUserRepository.swift */ = {isa = PBXFileReference; lastKnownFileType = sourcecode.swift; path = GithubUserRepository.swift; sourceTree = "<group>"; };
/* End PBXFileReference section */

/* Begin PBXFrameworksBuildPhase section */
		4D07A6C029434E69007E83B6 /* Frameworks */ = {
			isa = PBXFrameworksBuildPhase;
			buildActionMask = 2147483647;
			files = (
			);
			runOnlyForDeploymentPostprocessing = 0;
		};
		4D3AF9FB2942E11F00F18C1A /* Frameworks */ = {
			isa = PBXFrameworksBuildPhase;
			buildActionMask = 2147483647;
			files = (
			);
			runOnlyForDeploymentPostprocessing = 0;
		};
		4D8541CF2946D1AB002B2863 /* Frameworks */ = {
			isa = PBXFrameworksBuildPhase;
			buildActionMask = 2147483647;
			files = (
			);
			runOnlyForDeploymentPostprocessing = 0;
		};
		4DBAD28226AF38AE0057A5FF /* Frameworks */ = {
			isa = PBXFrameworksBuildPhase;
			buildActionMask = 2147483647;
			files = (
				4D8541D82946D1AB002B2863 /* PetKit.framework in Frameworks */,
				4DA1ED8E2940A27D0087BD37 /* FirebaseDatabase in Frameworks */,
				4DA1ED882940A27D0087BD37 /* FirebaseAnalytics in Frameworks */,
				4DA1ED8A2940A27D0087BD37 /* FirebaseAnalyticsWithoutAdIdSupport in Frameworks */,
				4DFEC118293FB34500590ED0 /* URLImage in Frameworks */,
				4D69629329444D16003EF0A3 /* TutorialAbout in Frameworks */,
				4DA1ED922940A27D0087BD37 /* FirebaseStorage in Frameworks */,
				4DA1ED8C2940A27D0087BD37 /* FirebaseAuth in Frameworks */,
				4DA1ED902940A27D0087BD37 /* FirebaseFirestore in Frameworks */,
				4D07A6C929434E69007E83B6 /* TutorialAbout.framework in Frameworks */,
				4D3AFA042942E11F00F18C1A /* TutorialOnboarding.framework in Frameworks */,
			);
			runOnlyForDeploymentPostprocessing = 0;
		};
/* End PBXFrameworksBuildPhase section */

/* Begin PBXGroup section */
		4D3AF9FF2942E11F00F18C1A /* TutorialOnboarding */ = {
			isa = PBXGroup;
			children = (
				4D3AFA1F2942ED6A00F18C1A /* View */,
				4D3AFA182942E6AF00F18C1A /* Model */,
				4D3AFA0E2942E37800F18C1A /* Extensions */,
				4D3AFA0A2942E17600F18C1A /* Resources */,
				4D3AFA002942E11F00F18C1A /* TutorialOnboarding.h */,
			);
			path = TutorialOnboarding;
			sourceTree = "<group>";
		};
		4D3AFA0A2942E17600F18C1A /* Resources */ = {
			isa = PBXGroup;
			children = (
				4D3AFA262942F99300F18C1A /* Fonts */,
				4D3AFA0B2942E2BF00F18C1A /* Assets.xcassets */,
			);
			path = Resources;
			sourceTree = "<group>";
		};
		4D3AFA0E2942E37800F18C1A /* Extensions */ = {
			isa = PBXGroup;
			children = (
				4D8541EF2946F363002B2863 /* Bundle+Extension.swift */,
				4D3AFA122942E3C800F18C1A /* Color+Extension.swift */,
				4D3AFA152942E3DC00F18C1A /* Image+Extension.swift */,
			);
			path = Extensions;
			sourceTree = "<group>";
		};
		4D3AFA182942E6AF00F18C1A /* Model */ = {
			isa = PBXGroup;
			children = (
				4D3AFA192942E6D900F18C1A /* Onboarding.swift */,
			);
			path = Model;
			sourceTree = "<group>";
		};
		4D3AFA1F2942ED6A00F18C1A /* View */ = {
			isa = PBXGroup;
			children = (
				4DFC42FB29430D0800ABBE56 /* Component */,
				4D3AFA202942ED9700F18C1A /* OnboardingView.swift */,
				4D3AFA232942F88300F18C1A /* PageView.swift */,
			);
			path = View;
			sourceTree = "<group>";
		};
		4D58C73F2940C07700473FF8 /* Todo */ = {
			isa = PBXGroup;
			children = (
				4DB94E03293E26BF007C8064 /* AddTodoView.swift */,
				4DBAD28A26AF38AE0057A5FF /* TodoListView.swift */,
				4DB94E09293E3BCA007C8064 /* TodoListRowView.swift */,
				4DB94E0B293E3DC3007C8064 /* TodoItemDetailView.swift */,
			);
			path = Todo;
			sourceTree = "<group>";
		};
		4D58C7402940C09500473FF8 /* Github */ = {
			isa = PBXGroup;
			children = (
				4DFEC114293FA99C00590ED0 /* GithubUsersListView.swift */,
			);
			path = Github;
			sourceTree = "<group>";
		};
		4D58C7432940DA3000473FF8 /* Repository */ = {
			isa = PBXGroup;
			children = (
				4DFEC11D293FBA4B00590ED0 /* GithubUserRepository.swift */,
				4D58C7412940D89900473FF8 /* FavoritesRepository.swift */,
			);
			path = Repository;
			sourceTree = "<group>";
		};
		4D5CC23B294840A9003E9846 /* macOS */ = {
			isa = PBXGroup;
			children = (
				4D5CC23A29483FED003E9846 /* TodoAppSwifUI.entitlements */,
				4D5CC23C29484829003E9846 /* SideBarView.swift */,
			);
			path = macOS;
			sourceTree = "<group>";
		};
		4D5CC23E29485149003E9846 /* iOS */ = {
			isa = PBXGroup;
			children = (
				4D5CC23F29485179003E9846 /* TabBarView.swift */,
			);
			path = iOS;
			sourceTree = "<group>";
		};
		4D69629429444E83003EF0A3 /* AppIcon.appiconset */ = {
			isa = PBXGroup;
			children = (
				4D69629529444E83003EF0A3 /* Contents.json */,
				4D69629629444E83003EF0A3 /* Icon-20.png */,
				4D69629729444E83003EF0A3 /* Icon-60.png */,
				4D69629829444E83003EF0A3 /* Icon-60@2x.png */,
				4D69629929444E83003EF0A3 /* Icon-60@3x.png */,
				4D69629A29444E83003EF0A3 /* Icon-76.png */,
				4D69629B29444E83003EF0A3 /* Icon-76@2x.png */,
				4D69629C29444E83003EF0A3 /* Icon-App-1024x1024.png */,
				4D69629D29444E83003EF0A3 /* Icon-iPadPro_83.5.png */,
				4D69629E29444E83003EF0A3 /* Icon-Small-40.png */,
				4D69629F29444E83003EF0A3 /* Icon-Small-40@2x-1.png */,
				4D6962A029444E83003EF0A3 /* Icon-Small-40@2x.png */,
				4D6962A129444E83003EF0A3 /* Icon-Small-40@3x.png */,
				4D6962A229444E83003EF0A3 /* Icon-Small-41.png */,
				4D6962A329444E83003EF0A3 /* Icon-Small-42.png */,
				4D6962A429444E83003EF0A3 /* Icon-Small.png */,
				4D6962A529444E83003EF0A3 /* Icon-Small@2x-1.png */,
				4D6962A629444E83003EF0A3 /* Icon-Small@2x.png */,
				4D6962A729444E83003EF0A3 /* Icon-Small@3x.png */,
			);
			path = AppIcon.appiconset;
			sourceTree = "<group>";
		};
		4D8541D32946D1AB002B2863 /* PetKit */ = {
			isa = PBXGroup;
			children = (
				4D8541D42946D1AB002B2863 /* PetKit.h */,
				4D8541DE2946E274002B2863 /* Nurture.h */,
				4D8541DF2946E274002B2863 /* Nurture.m */,
				4D8541DD2946E273002B2863 /* TodoAppSwifUI-Bridging-Header.h */,
				4D8541E32946E33F002B2863 /* NurtureItem.h */,
				4D8541E42946E33F002B2863 /* NurtureItem.m */,
				4D8541E82946EE2E002B2863 /* Nurture.swift */,
			);
			path = PetKit;
			sourceTree = "<group>";
		};
		4D8541EE2946F142002B2863 /* Extensions */ = {
			isa = PBXGroup;
			children = (
				4D8541EB2946F13B002B2863 /* NurtureItem+Extension.swift */,
			);
			path = Extensions;
			sourceTree = "<group>";
		};
		4D9879942941B833002010FA /* Favorite */ = {
			isa = PBXGroup;
			children = (
				4D58C7442940DB7000473FF8 /* FavoritesListView.swift */,
				4D58C7462940E0A300473FF8 /* FavoriteItemDetailView.swift */,
			);
			path = Favorite;
			sourceTree = "<group>";
		};
		4DA12B9E293F0474007A45B7 /* Utils */ = {
			isa = PBXGroup;
			children = (
				4DA12B9C293EFC06007A45B7 /* SearchBar.swift */,
				4DFEC10D293F4DDC00590ED0 /* Forms.swift */,
				4DFC42FC29430FFA00ABBE56 /* AppUserDefaultsKeys.swift */,
			);
			path = Utils;
			sourceTree = "<group>";
		};
		4DB94E0F293E4D7E007C8064 /* Model */ = {
			isa = PBXGroup;
			children = (
				4D69629429444E83003EF0A3 /* AppIcon.appiconset */,
				4DB94E05293E2D53007C8064 /* Todo.swift */,
				4DFEC11B293FB95500590ED0 /* GithubUser.swift */,
			);
			path = Model;
			sourceTree = "<group>";
		};
		4DB94E10293E4D9E007C8064 /* View */ = {
			isa = PBXGroup;
			children = (
				4D9879942941B833002010FA /* Favorite */,
				4D58C73F2940C07700473FF8 /* Todo */,
				4D58C7402940C09500473FF8 /* Github */,
				4DFEC112293F922F00590ED0 /* MainView.swift */,
				4DB94E07293E3690007C8064 /* NoDataView.swift */,
				4DB1E0B72940461D00E1CA8D /* SearchBarView.swift */,
				4DF8569729471F7E00DDC2A6 /* PetTrack */,
			);
			path = View;
			sourceTree = "<group>";
		};
		4DB94E18293E89E4007C8064 /* Data */ = {
			isa = PBXGroup;
			children = (
				4DFEC11F293FBA9A00590ED0 /* api */,
				4DB94E19293E89F1007C8064 /* coreData */,
				4D58C7432940DA3000473FF8 /* Repository */,
			);
			path = Data;
			sourceTree = "<group>";
		};
		4DB94E19293E89F1007C8064 /* coreData */ = {
			isa = PBXGroup;
			children = (
				4DB94E16293E5796007C8064 /* Persistence.swift */,
				4DB94E13293E56ED007C8064 /* Todo.xcdatamodeld */,
			);
			path = coreData;
			sourceTree = "<group>";
		};
		4DBAD27C26AF38AE0057A5FF = {
			isa = PBXGroup;
			children = (
				4DBAD28726AF38AE0057A5FF /* TodoAppSwifUI */,
				4D3AF9FF2942E11F00F18C1A /* TutorialOnboarding */,
				4D8541D32946D1AB002B2863 /* PetKit */,
				4DBAD28626AF38AE0057A5FF /* Products */,
			);
			sourceTree = "<group>";
		};
		4DBAD28626AF38AE0057A5FF /* Products */ = {
			isa = PBXGroup;
			children = (
				4DBAD28526AF38AE0057A5FF /* TodoAppSwifUI.app */,
				4D3AF9FE2942E11F00F18C1A /* TutorialOnboarding.framework */,
				4D07A6C329434E69007E83B6 /* TutorialAbout.framework */,
				4D8541D22946D1AB002B2863 /* PetKit.framework */,
			);
			name = Products;
			sourceTree = "<group>";
		};
		4DBAD28726AF38AE0057A5FF /* TodoAppSwifUI */ = {
			isa = PBXGroup;
			children = (
				4D5CC23E29485149003E9846 /* iOS */,
				4D5CC23B294840A9003E9846 /* macOS */,
				4DBAD28826AF38AE0057A5FF /* TodoApp.swift */,
				4D8541EE2946F142002B2863 /* Extensions */,
				4DFEC111293F548700590ED0 /* ViewModel */,
				4DFEC10C293F4B1F00590ED0 /* Resources */,
				4DA12B9E293F0474007A45B7 /* Utils */,
				4DB94E18293E89E4007C8064 /* Data */,
				4DB94E10293E4D9E007C8064 /* View */,
				4DB94E0F293E4D7E007C8064 /* Model */,
				4DBAD28C26AF38B90057A5FF /* Assets.xcassets */,
				4DBAD29126AF38B90057A5FF /* Info.plist */,
				4DA1ED8429409F630087BD37 /* GoogleService-Info.plist */,
				4DBAD28E26AF38B90057A5FF /* Preview Content */,
			);
			path = TodoAppSwifUI;
			sourceTree = "<group>";
		};
		4DBAD28E26AF38B90057A5FF /* Preview Content */ = {
			isa = PBXGroup;
			children = (
				4DBAD28F26AF38B90057A5FF /* Preview Assets.xcassets */,
			);
			path = "Preview Content";
			sourceTree = "<group>";
		};
		4DF8569729471F7E00DDC2A6 /* PetTrack */ = {
			isa = PBXGroup;
			children = (
				4DF8569829471FBF00DDC2A6 /* AddNurtureItemView.swift */,
				4DF8569B29471FBF00DDC2A6 /* ImagePicker.swift */,
				4DF8569929471FBF00DDC2A6 /* NurtureRow.swift */,
				4DF8569A29471FBF00DDC2A6 /* NurtureListView.swift */,
				4DF8569529471EB500DDC2A6 /* ImageButton.swift */,
			);
			path = PetTrack;
			sourceTree = "<group>";
		};
		4DFC42FB29430D0800ABBE56 /* Component */ = {
			isa = PBXGroup;
			children = (
				4DFC42F929430C5B00ABBE56 /* OnboardingButtonStyle.swift */,
			);
			path = Component;
			sourceTree = "<group>";
		};
		4DFEC10B293F4B0F00590ED0 /* Fonts */ = {
			isa = PBXGroup;
			children = (
				4DFEC105293F4B0900590ED0 /* Nunito-Bold.ttf */,
				4DFEC106293F4B0900590ED0 /* Nunito-Italic-VariableFont_wght.ttf */,
				4DFEC104293F4B0900590ED0 /* Nunito-Regular.ttf */,
				4DFEC103293F4B0900590ED0 /* Nunito-VariableFont_wght.ttf */,
			);
			path = Fonts;
			sourceTree = "<group>";
		};
		4DFEC10C293F4B1F00590ED0 /* Resources */ = {
			isa = PBXGroup;
			children = (
				4DFEC10B293F4B0F00590ED0 /* Fonts */,
			);
			path = Resources;
			sourceTree = "<group>";
		};
		4DFEC111293F548700590ED0 /* ViewModel */ = {
			isa = PBXGroup;
			children = (
				4DFEC10F293F547E00590ED0 /* TodoFormViewModel.swift */,
			);
			path = ViewModel;
			sourceTree = "<group>";
		};
		4DFEC11F293FBA9A00590ED0 /* api */ = {
			isa = PBXGroup;
			children = (
				4DFEC119293FB7D300590ED0 /* APIConstants.swift */,
				4DB1E0B5294035F000E1CA8D /* NetworkError.swift */,
			);
			path = api;
			sourceTree = "<group>";
		};
/* End PBXGroup section */

/* Begin PBXHeadersBuildPhase section */
		4D07A6BE29434E69007E83B6 /* Headers */ = {
			isa = PBXHeadersBuildPhase;
			buildActionMask = 2147483647;
			files = (
			);
			runOnlyForDeploymentPostprocessing = 0;
		};
		4D3AF9F92942E11F00F18C1A /* Headers */ = {
			isa = PBXHeadersBuildPhase;
			buildActionMask = 2147483647;
			files = (
				4D3AFA012942E11F00F18C1A /* TutorialOnboarding.h in Headers */,
			);
			runOnlyForDeploymentPostprocessing = 0;
		};
		4D8541CD2946D1AB002B2863 /* Headers */ = {
			isa = PBXHeadersBuildPhase;
			buildActionMask = 2147483647;
			files = (
				4D8541D52946D1AB002B2863 /* PetKit.h in Headers */,
				4D8541E02946E274002B2863 /* Nurture.h in Headers */,
				4D8541E52946E33F002B2863 /* NurtureItem.h in Headers */,
			);
			runOnlyForDeploymentPostprocessing = 0;
		};
/* End PBXHeadersBuildPhase section */

/* Begin PBXNativeTarget section */
		4D07A6C229434E69007E83B6 /* TutorialAbout */ = {
			isa = PBXNativeTarget;
			buildConfigurationList = 4D07A6CD29434E69007E83B6 /* Build configuration list for PBXNativeTarget "TutorialAbout" */;
			buildPhases = (
				4D07A6BE29434E69007E83B6 /* Headers */,
				4D07A6BF29434E69007E83B6 /* Sources */,
				4D07A6C029434E69007E83B6 /* Frameworks */,
				4D07A6C129434E69007E83B6 /* Resources */,
			);
			buildRules = (
			);
			dependencies = (
			);
			name = TutorialAbout;
			productName = TutorialAbout;
			productReference = 4D07A6C329434E69007E83B6 /* TutorialAbout.framework */;
			productType = "com.apple.product-type.framework";
		};
		4D3AF9FD2942E11F00F18C1A /* TutorialOnboarding */ = {
			isa = PBXNativeTarget;
			buildConfigurationList = 4D3AFA092942E11F00F18C1A /* Build configuration list for PBXNativeTarget "TutorialOnboarding" */;
			buildPhases = (
				4D3AF9F92942E11F00F18C1A /* Headers */,
				4D3AF9FA2942E11F00F18C1A /* Sources */,
				4D3AF9FB2942E11F00F18C1A /* Frameworks */,
				4D3AF9FC2942E11F00F18C1A /* Resources */,
			);
			buildRules = (
			);
			dependencies = (
			);
			name = TutorialOnboarding;
			productName = TutorialOnboarding;
			productReference = 4D3AF9FE2942E11F00F18C1A /* TutorialOnboarding.framework */;
			productType = "com.apple.product-type.framework";
		};
		4D8541D12946D1AB002B2863 /* PetKit */ = {
			isa = PBXNativeTarget;
			buildConfigurationList = 4D8541DC2946D1AB002B2863 /* Build configuration list for PBXNativeTarget "PetKit" */;
			buildPhases = (
				4D8541CD2946D1AB002B2863 /* Headers */,
				4D8541CE2946D1AB002B2863 /* Sources */,
				4D8541CF2946D1AB002B2863 /* Frameworks */,
				4D8541D02946D1AB002B2863 /* Resources */,
			);
			buildRules = (
			);
			dependencies = (
			);
			name = PetKit;
			productName = PetKit;
			productReference = 4D8541D22946D1AB002B2863 /* PetKit.framework */;
			productType = "com.apple.product-type.framework";
		};
		4DBAD28426AF38AE0057A5FF /* TodoAppSwifUI */ = {
			isa = PBXNativeTarget;
			buildConfigurationList = 4DBAD29426AF38B90057A5FF /* Build configuration list for PBXNativeTarget "TodoAppSwifUI" */;
			buildPhases = (
				4DBAD28126AF38AE0057A5FF /* Sources */,
				4DBAD28226AF38AE0057A5FF /* Frameworks */,
				4DBAD28326AF38AE0057A5FF /* Resources */,
				4D3AFA062942E11F00F18C1A /* Embed Frameworks */,
			);
			buildRules = (
			);
			dependencies = (
				4D3AFA032942E11F00F18C1A /* PBXTargetDependency */,
				4D07A6C829434E69007E83B6 /* PBXTargetDependency */,
				4D8541D72946D1AB002B2863 /* PBXTargetDependency */,
			);
			name = TodoAppSwifUI;
			packageProductDependencies = (
				4DFEC117293FB34500590ED0 /* URLImage */,
				4DA1ED872940A27D0087BD37 /* FirebaseAnalytics */,
				4DA1ED892940A27D0087BD37 /* FirebaseAnalyticsWithoutAdIdSupport */,
				4DA1ED8B2940A27D0087BD37 /* FirebaseAuth */,
				4DA1ED8D2940A27D0087BD37 /* FirebaseDatabase */,
				4DA1ED8F2940A27D0087BD37 /* FirebaseFirestore */,
				4DA1ED912940A27D0087BD37 /* FirebaseStorage */,
				4D69629229444D16003EF0A3 /* TutorialAbout */,
			);
			productName = TodoAppSwifUI;
			productReference = 4DBAD28526AF38AE0057A5FF /* TodoAppSwifUI.app */;
			productType = "com.apple.product-type.application";
		};
/* End PBXNativeTarget section */

/* Begin PBXProject section */
		4DBAD27D26AF38AE0057A5FF /* Project object */ = {
			isa = PBXProject;
			attributes = {
				LastSwiftUpdateCheck = 1250;
				LastUpgradeCheck = 1250;
				TargetAttributes = {
					4D07A6C229434E69007E83B6 = {
						CreatedOnToolsVersion = 13.2;
						LastSwiftMigration = 1320;
					};
					4D3AF9FD2942E11F00F18C1A = {
						CreatedOnToolsVersion = 13.2;
						LastSwiftMigration = 1320;
					};
					4D8541D12946D1AB002B2863 = {
						CreatedOnToolsVersion = 13.2;
						LastSwiftMigration = 1320;
					};
					4DBAD28426AF38AE0057A5FF = {
						CreatedOnToolsVersion = 12.5;
						LastSwiftMigration = 1320;
					};
				};
			};
			buildConfigurationList = 4DBAD28026AF38AE0057A5FF /* Build configuration list for PBXProject "TodoAppSwifUI" */;
			compatibilityVersion = "Xcode 9.3";
			developmentRegion = en;
			hasScannedForEncodings = 0;
			knownRegions = (
				en,
				Base,
			);
			mainGroup = 4DBAD27C26AF38AE0057A5FF;
			packageReferences = (
				4DFEC116293FB34400590ED0 /* XCRemoteSwiftPackageReference "url-image" */,
				4DA1ED862940A27D0087BD37 /* XCRemoteSwiftPackageReference "firebase-ios-sdk" */,
				4D69629129444D16003EF0A3 /* XCRemoteSwiftPackageReference "TutorialAboutPackage" */,
			);
			productRefGroup = 4DBAD28626AF38AE0057A5FF /* Products */;
			projectDirPath = "";
			projectRoot = "";
			targets = (
				4DBAD28426AF38AE0057A5FF /* TodoAppSwifUI */,
				4D3AF9FD2942E11F00F18C1A /* TutorialOnboarding */,
				4D07A6C229434E69007E83B6 /* TutorialAbout */,
				4D8541D12946D1AB002B2863 /* PetKit */,
			);
		};
/* End PBXProject section */

/* Begin PBXResourcesBuildPhase section */
		4D07A6C129434E69007E83B6 /* Resources */ = {
			isa = PBXResourcesBuildPhase;
			buildActionMask = 2147483647;
			files = (
			);
			runOnlyForDeploymentPostprocessing = 0;
		};
		4D3AF9FC2942E11F00F18C1A /* Resources */ = {
			isa = PBXResourcesBuildPhase;
			buildActionMask = 2147483647;
			files = (
				4D3AFA0D2942E2C000F18C1A /* Assets.xcassets in Resources */,
				4D3AFA282942F99300F18C1A /* Fonts in Resources */,
			);
			runOnlyForDeploymentPostprocessing = 0;
		};
		4D8541D02946D1AB002B2863 /* Resources */ = {
			isa = PBXResourcesBuildPhase;
			buildActionMask = 2147483647;
			files = (
			);
			runOnlyForDeploymentPostprocessing = 0;
		};
		4DBAD28326AF38AE0057A5FF /* Resources */ = {
			isa = PBXResourcesBuildPhase;
			buildActionMask = 2147483647;
			files = (
				4DBAD29026AF38B90057A5FF /* Preview Assets.xcassets in Resources */,
				4D6962B329444E83003EF0A3 /* Icon-Small-40@2x.png in Resources */,
				4D6962B229444E83003EF0A3 /* Icon-Small-40@2x-1.png in Resources */,
				4D6962B529444E83003EF0A3 /* Icon-Small-41.png in Resources */,
				4DFEC109293F4B0900590ED0 /* Nunito-Bold.ttf in Resources */,
				4D6962B929444E83003EF0A3 /* Icon-Small@2x.png in Resources */,
				4D6962B829444E83003EF0A3 /* Icon-Small@2x-1.png in Resources */,
				4D6962A829444E83003EF0A3 /* Contents.json in Resources */,
				4D6962AF29444E83003EF0A3 /* Icon-App-1024x1024.png in Resources */,
				4D6962AD29444E83003EF0A3 /* Icon-76.png in Resources */,
				4D6962B729444E83003EF0A3 /* Icon-Small.png in Resources */,
				4D6962B029444E83003EF0A3 /* Icon-iPadPro_83.5.png in Resources */,
				4D6962BA29444E83003EF0A3 /* Icon-Small@3x.png in Resources */,
				4DFEC107293F4B0900590ED0 /* Nunito-VariableFont_wght.ttf in Resources */,
				4D6962AA29444E83003EF0A3 /* Icon-60.png in Resources */,
				4DFEC108293F4B0900590ED0 /* Nunito-Regular.ttf in Resources */,
				4DFEC10A293F4B0900590ED0 /* Nunito-Italic-VariableFont_wght.ttf in Resources */,
				4DBAD28D26AF38B90057A5FF /* Assets.xcassets in Resources */,
				4DA1ED8529409F630087BD37 /* GoogleService-Info.plist in Resources */,
				4D6962B129444E83003EF0A3 /* Icon-Small-40.png in Resources */,
				4D6962AC29444E83003EF0A3 /* Icon-60@3x.png in Resources */,
				4D6962B429444E83003EF0A3 /* Icon-Small-40@3x.png in Resources */,
				4D6962B629444E83003EF0A3 /* Icon-Small-42.png in Resources */,
				4D6962A929444E83003EF0A3 /* Icon-20.png in Resources */,
				4DFC42FF294313DD00ABBE56 /* Fonts in Resources */,
				4D6962AE29444E83003EF0A3 /* Icon-76@2x.png in Resources */,
				4D6962AB29444E83003EF0A3 /* Icon-60@2x.png in Resources */,
			);
			runOnlyForDeploymentPostprocessing = 0;
		};
/* End PBXResourcesBuildPhase section */

/* Begin PBXSourcesBuildPhase section */
		4D07A6BF29434E69007E83B6 /* Sources */ = {
			isa = PBXSourcesBuildPhase;
			buildActionMask = 2147483647;
			files = (
			);
			runOnlyForDeploymentPostprocessing = 0;
		};
		4D3AF9FA2942E11F00F18C1A /* Sources */ = {
			isa = PBXSourcesBuildPhase;
			buildActionMask = 2147483647;
			files = (
				4D3AFA252942F88300F18C1A /* PageView.swift in Sources */,
				4D8541F22946F6E4002B2863 /* Bundle+Extension.swift in Sources */,
				4D3AFA142942E3C800F18C1A /* Color+Extension.swift in Sources */,
				4D3AFA1B2942E6D900F18C1A /* Onboarding.swift in Sources */,
				4DFC42FA29430C5B00ABBE56 /* OnboardingButtonStyle.swift in Sources */,
				4D3AFA172942E3DC00F18C1A /* Image+Extension.swift in Sources */,
				4D3AFA222942ED9700F18C1A /* OnboardingView.swift in Sources */,
			);
			runOnlyForDeploymentPostprocessing = 0;
		};
		4D8541CE2946D1AB002B2863 /* Sources */ = {
			isa = PBXSourcesBuildPhase;
			buildActionMask = 2147483647;
			files = (
				4D8541E72946E33F002B2863 /* NurtureItem.m in Sources */,
				4D8541EA2946EE2E002B2863 /* Nurture.swift in Sources */,
				4D8541E22946E274002B2863 /* Nurture.m in Sources */,
			);
			runOnlyForDeploymentPostprocessing = 0;
		};
		4DBAD28126AF38AE0057A5FF /* Sources */ = {
			isa = PBXSourcesBuildPhase;
			buildActionMask = 2147483647;
			files = (
				4DF8569E29471FBF00DDC2A6 /* NurtureListView.swift in Sources */,
				4DFEC115293FA99C00590ED0 /* GithubUsersListView.swift in Sources */,
				4D8541F02946F363002B2863 /* Bundle+Extension.swift in Sources */,
				4DFEC11E293FBA4B00590ED0 /* GithubUserRepository.swift in Sources */,
				4DB94E17293E5796007C8064 /* Persistence.swift in Sources */,
				4DFEC113293F922F00590ED0 /* MainView.swift in Sources */,
				4D5CC24029485179003E9846 /* TabBarView.swift in Sources */,
				4DB94E08293E3690007C8064 /* NoDataView.swift in Sources */,
				4D3AFA162942E3DC00F18C1A /* Image+Extension.swift in Sources */,
				4DBAD28B26AF38AE0057A5FF /* TodoListView.swift in Sources */,
				4D58C7472940E0A300473FF8 /* FavoriteItemDetailView.swift in Sources */,
				4D3AFA1A2942E6D900F18C1A /* Onboarding.swift in Sources */,
				4D3AFA132942E3C800F18C1A /* Color+Extension.swift in Sources */,
				4DF8569629471EB500DDC2A6 /* ImageButton.swift in Sources */,
				4D8541EC2946F13B002B2863 /* NurtureItem+Extension.swift in Sources */,
				4DF8569F29471FBF00DDC2A6 /* ImagePicker.swift in Sources */,
				4DB94E04293E26BF007C8064 /* AddTodoView.swift in Sources */,
				4D3AFA212942ED9700F18C1A /* OnboardingView.swift in Sources */,
				4DBAD28926AF38AE0057A5FF /* TodoApp.swift in Sources */,
				4D3AFA242942F88300F18C1A /* PageView.swift in Sources */,
				4DF8569C29471FBF00DDC2A6 /* AddNurtureItemView.swift in Sources */,
				4DB94E0C293E3DC3007C8064 /* TodoItemDetailView.swift in Sources */,
				4D5CC23D29484829003E9846 /* SideBarView.swift in Sources */,
				4DF8569D29471FBF00DDC2A6 /* NurtureRow.swift in Sources */,
				4DFEC10E293F4DDC00590ED0 /* Forms.swift in Sources */,
				4DB94E06293E2D53007C8064 /* Todo.swift in Sources */,
				4DFC42FD29430FFA00ABBE56 /* AppUserDefaultsKeys.swift in Sources */,
				4DFEC110293F547E00590ED0 /* TodoFormViewModel.swift in Sources */,
				4DB1E0B82940461D00E1CA8D /* SearchBarView.swift in Sources */,
				4DFEC11A293FB7D300590ED0 /* APIConstants.swift in Sources */,
				4DFC42FE2943120B00ABBE56 /* OnboardingButtonStyle.swift in Sources */,
				4DA12B9D293EFC06007A45B7 /* SearchBar.swift in Sources */,
				4DFEC11C293FB95500590ED0 /* GithubUser.swift in Sources */,
				4DB1E0B6294035F000E1CA8D /* NetworkError.swift in Sources */,
				4D58C7452940DB7000473FF8 /* FavoritesListView.swift in Sources */,
				4DB94E0A293E3BCA007C8064 /* TodoListRowView.swift in Sources */,
				4DB94E15293E56ED007C8064 /* Todo.xcdatamodeld in Sources */,
				4D58C7422940D89A00473FF8 /* FavoritesRepository.swift in Sources */,
			);
			runOnlyForDeploymentPostprocessing = 0;
		};
/* End PBXSourcesBuildPhase section */

/* Begin PBXTargetDependency section */
		4D07A6C829434E69007E83B6 /* PBXTargetDependency */ = {
			isa = PBXTargetDependency;
			target = 4D07A6C229434E69007E83B6 /* TutorialAbout */;
			targetProxy = 4D07A6C729434E69007E83B6 /* PBXContainerItemProxy */;
		};
		4D3AFA032942E11F00F18C1A /* PBXTargetDependency */ = {
			isa = PBXTargetDependency;
			target = 4D3AF9FD2942E11F00F18C1A /* TutorialOnboarding */;
			targetProxy = 4D3AFA022942E11F00F18C1A /* PBXContainerItemProxy */;
		};
		4D8541D72946D1AB002B2863 /* PBXTargetDependency */ = {
			isa = PBXTargetDependency;
			target = 4D8541D12946D1AB002B2863 /* PetKit */;
			targetProxy = 4D8541D62946D1AB002B2863 /* PBXContainerItemProxy */;
		};
/* End PBXTargetDependency section */

/* Begin XCBuildConfiguration section */
		4D07A6CB29434E69007E83B6 /* Debug */ = {
			isa = XCBuildConfiguration;
			buildSettings = {
				CLANG_CXX_LANGUAGE_STANDARD = "gnu++17";
				CLANG_ENABLE_MODULES = YES;
				CODE_SIGN_STYLE = Automatic;
				CURRENT_PROJECT_VERSION = 1;
				DEFINES_MODULE = YES;
				DEVELOPMENT_TEAM = A28NKSTKN3;
				DYLIB_COMPATIBILITY_VERSION = 1;
				DYLIB_CURRENT_VERSION = 1;
				DYLIB_INSTALL_NAME_BASE = "@rpath";
				GENERATE_INFOPLIST_FILE = YES;
				INFOPLIST_KEY_NSHumanReadableCopyright = "";
				INSTALL_PATH = "$(LOCAL_LIBRARY_DIR)/Frameworks";
				IPHONEOS_DEPLOYMENT_TARGET = 15.2;
				"IPHONEOS_DEPLOYMENT_TARGET[sdk=macosx*]" = 14.7;
				LD_RUNPATH_SEARCH_PATHS = (
					"$(inherited)",
					"@executable_path/Frameworks",
					"@loader_path/Frameworks",
				);
				MACOSX_DEPLOYMENT_TARGET = 11.5;
				MARKETING_VERSION = 1.0;
				PRODUCT_BUNDLE_IDENTIFIER = com.forever.bee.TutorialAbout;
				PRODUCT_NAME = "$(TARGET_NAME:c99extidentifier)";
				SKIP_INSTALL = YES;
				SWIFT_EMIT_LOC_STRINGS = YES;
				SWIFT_OPTIMIZATION_LEVEL = "-Onone";
				SWIFT_VERSION = 5.0;
				TARGETED_DEVICE_FAMILY = "1,2,6";
				TVOS_DEPLOYMENT_TARGET = 15.2;
				VERSIONING_SYSTEM = "apple-generic";
				VERSION_INFO_PREFIX = "";
				WATCHOS_DEPLOYMENT_TARGET = 8.3;
			};
			name = Debug;
		};
		4D07A6CC29434E69007E83B6 /* Release */ = {
			isa = XCBuildConfiguration;
			buildSettings = {
				CLANG_CXX_LANGUAGE_STANDARD = "gnu++17";
				CLANG_ENABLE_MODULES = YES;
				CODE_SIGN_STYLE = Automatic;
				CURRENT_PROJECT_VERSION = 1;
				DEFINES_MODULE = YES;
				DEVELOPMENT_TEAM = A28NKSTKN3;
				DYLIB_COMPATIBILITY_VERSION = 1;
				DYLIB_CURRENT_VERSION = 1;
				DYLIB_INSTALL_NAME_BASE = "@rpath";
				GENERATE_INFOPLIST_FILE = YES;
				INFOPLIST_KEY_NSHumanReadableCopyright = "";
				INSTALL_PATH = "$(LOCAL_LIBRARY_DIR)/Frameworks";
				IPHONEOS_DEPLOYMENT_TARGET = 15.2;
				"IPHONEOS_DEPLOYMENT_TARGET[sdk=macosx*]" = 14.7;
				LD_RUNPATH_SEARCH_PATHS = (
					"$(inherited)",
					"@executable_path/Frameworks",
					"@loader_path/Frameworks",
				);
				MACOSX_DEPLOYMENT_TARGET = 11.5;
				MARKETING_VERSION = 1.0;
				PRODUCT_BUNDLE_IDENTIFIER = com.forever.bee.TutorialAbout;
				PRODUCT_NAME = "$(TARGET_NAME:c99extidentifier)";
				SKIP_INSTALL = YES;
				SWIFT_EMIT_LOC_STRINGS = YES;
				SWIFT_VERSION = 5.0;
				TARGETED_DEVICE_FAMILY = "1,2,6";
				TVOS_DEPLOYMENT_TARGET = 15.2;
				VERSIONING_SYSTEM = "apple-generic";
				VERSION_INFO_PREFIX = "";
				WATCHOS_DEPLOYMENT_TARGET = 8.3;
			};
			name = Release;
		};
		4D3AFA072942E11F00F18C1A /* Debug */ = {
			isa = XCBuildConfiguration;
			buildSettings = {
				CLANG_CXX_LANGUAGE_STANDARD = "gnu++17";
				CLANG_ENABLE_MODULES = YES;
				CODE_SIGN_STYLE = Automatic;
				CURRENT_PROJECT_VERSION = 1;
				DEFINES_MODULE = YES;
				DEVELOPMENT_TEAM = A28NKSTKN3;
				DYLIB_COMPATIBILITY_VERSION = 1;
				DYLIB_CURRENT_VERSION = 1;
				DYLIB_INSTALL_NAME_BASE = "@rpath";
				GENERATE_INFOPLIST_FILE = YES;
				INFOPLIST_KEY_NSHumanReadableCopyright = "";
				INSTALL_PATH = "$(LOCAL_LIBRARY_DIR)/Frameworks";
				IPHONEOS_DEPLOYMENT_TARGET = 15.2;
				"IPHONEOS_DEPLOYMENT_TARGET[sdk=macosx*]" = 14.7;
				LD_RUNPATH_SEARCH_PATHS = (
					"$(inherited)",
					"@executable_path/Frameworks",
					"@loader_path/Frameworks",
				);
				MACOSX_DEPLOYMENT_TARGET = 11.5;
				MARKETING_VERSION = 1.0;
				PRODUCT_BUNDLE_IDENTIFIER = com.forever.bee.TutorialOnboarding;
				PRODUCT_NAME = "$(TARGET_NAME:c99extidentifier)";
				SKIP_INSTALL = YES;
				SUPPORTS_MACCATALYST = YES;
				SWIFT_EMIT_LOC_STRINGS = YES;
				SWIFT_OPTIMIZATION_LEVEL = "-Onone";
				SWIFT_VERSION = 5.0;
				TARGETED_DEVICE_FAMILY = "1,2,6";
				TVOS_DEPLOYMENT_TARGET = 15.2;
				VERSIONING_SYSTEM = "apple-generic";
				VERSION_INFO_PREFIX = "";
				WATCHOS_DEPLOYMENT_TARGET = 8.3;
			};
			name = Debug;
		};
		4D3AFA082942E11F00F18C1A /* Release */ = {
			isa = XCBuildConfiguration;
			buildSettings = {
				CLANG_CXX_LANGUAGE_STANDARD = "gnu++17";
				CLANG_ENABLE_MODULES = YES;
				CODE_SIGN_STYLE = Automatic;
				CURRENT_PROJECT_VERSION = 1;
				DEFINES_MODULE = YES;
				DEVELOPMENT_TEAM = A28NKSTKN3;
				DYLIB_COMPATIBILITY_VERSION = 1;
				DYLIB_CURRENT_VERSION = 1;
				DYLIB_INSTALL_NAME_BASE = "@rpath";
				GENERATE_INFOPLIST_FILE = YES;
				INFOPLIST_KEY_NSHumanReadableCopyright = "";
				INSTALL_PATH = "$(LOCAL_LIBRARY_DIR)/Frameworks";
				IPHONEOS_DEPLOYMENT_TARGET = 15.2;
				"IPHONEOS_DEPLOYMENT_TARGET[sdk=macosx*]" = 14.7;
				LD_RUNPATH_SEARCH_PATHS = (
					"$(inherited)",
					"@executable_path/Frameworks",
					"@loader_path/Frameworks",
				);
				MACOSX_DEPLOYMENT_TARGET = 11.5;
				MARKETING_VERSION = 1.0;
				PRODUCT_BUNDLE_IDENTIFIER = com.forever.bee.TutorialOnboarding;
				PRODUCT_NAME = "$(TARGET_NAME:c99extidentifier)";
				SKIP_INSTALL = YES;
				SUPPORTS_MACCATALYST = YES;
				SWIFT_EMIT_LOC_STRINGS = YES;
				SWIFT_VERSION = 5.0;
				TARGETED_DEVICE_FAMILY = "1,2,6";
				TVOS_DEPLOYMENT_TARGET = 15.2;
				VERSIONING_SYSTEM = "apple-generic";
				VERSION_INFO_PREFIX = "";
				WATCHOS_DEPLOYMENT_TARGET = 8.3;
			};
			name = Release;
		};
		4D8541DA2946D1AB002B2863 /* Debug */ = {
			isa = XCBuildConfiguration;
			buildSettings = {
				CLANG_CXX_LANGUAGE_STANDARD = "gnu++17";
				CLANG_ENABLE_MODULES = YES;
				CODE_SIGN_STYLE = Automatic;
				CURRENT_PROJECT_VERSION = 1;
				DEFINES_MODULE = YES;
				DEVELOPMENT_TEAM = A28NKSTKN3;
				DYLIB_COMPATIBILITY_VERSION = 1;
				DYLIB_CURRENT_VERSION = 1;
				DYLIB_INSTALL_NAME_BASE = "@rpath";
				GENERATE_INFOPLIST_FILE = YES;
				INFOPLIST_KEY_NSHumanReadableCopyright = "";
				INSTALL_PATH = "$(LOCAL_LIBRARY_DIR)/Frameworks";
				IPHONEOS_DEPLOYMENT_TARGET = 15.2;
				"IPHONEOS_DEPLOYMENT_TARGET[sdk=macosx*]" = 14.7;
				LD_RUNPATH_SEARCH_PATHS = (
					"$(inherited)",
					"@executable_path/Frameworks",
					"@loader_path/Frameworks",
				);
				MACOSX_DEPLOYMENT_TARGET = 11.5;
				MARKETING_VERSION = 1.0;
				PRODUCT_BUNDLE_IDENTIFIER = com.forever.bee.PetKit;
				PRODUCT_NAME = "$(TARGET_NAME:c99extidentifier)";
				SKIP_INSTALL = YES;
				SWIFT_EMIT_LOC_STRINGS = YES;
				SWIFT_OPTIMIZATION_LEVEL = "-Onone";
				SWIFT_VERSION = 5.0;
				TARGETED_DEVICE_FAMILY = "1,2,6";
				TVOS_DEPLOYMENT_TARGET = 15.2;
				VERSIONING_SYSTEM = "apple-generic";
				VERSION_INFO_PREFIX = "";
				WATCHOS_DEPLOYMENT_TARGET = 8.3;
			};
			name = Debug;
		};
		4D8541DB2946D1AB002B2863 /* Release */ = {
			isa = XCBuildConfiguration;
			buildSettings = {
				CLANG_CXX_LANGUAGE_STANDARD = "gnu++17";
				CLANG_ENABLE_MODULES = YES;
				CODE_SIGN_STYLE = Automatic;
				CURRENT_PROJECT_VERSION = 1;
				DEFINES_MODULE = YES;
				DEVELOPMENT_TEAM = A28NKSTKN3;
				DYLIB_COMPATIBILITY_VERSION = 1;
				DYLIB_CURRENT_VERSION = 1;
				DYLIB_INSTALL_NAME_BASE = "@rpath";
				GENERATE_INFOPLIST_FILE = YES;
				INFOPLIST_KEY_NSHumanReadableCopyright = "";
				INSTALL_PATH = "$(LOCAL_LIBRARY_DIR)/Frameworks";
				IPHONEOS_DEPLOYMENT_TARGET = 15.2;
				"IPHONEOS_DEPLOYMENT_TARGET[sdk=macosx*]" = 14.7;
				LD_RUNPATH_SEARCH_PATHS = (
					"$(inherited)",
					"@executable_path/Frameworks",
					"@loader_path/Frameworks",
				);
				MACOSX_DEPLOYMENT_TARGET = 11.5;
				MARKETING_VERSION = 1.0;
				PRODUCT_BUNDLE_IDENTIFIER = com.forever.bee.PetKit;
				PRODUCT_NAME = "$(TARGET_NAME:c99extidentifier)";
				SKIP_INSTALL = YES;
				SWIFT_EMIT_LOC_STRINGS = YES;
				SWIFT_VERSION = 5.0;
				TARGETED_DEVICE_FAMILY = "1,2,6";
				TVOS_DEPLOYMENT_TARGET = 15.2;
				VERSIONING_SYSTEM = "apple-generic";
				VERSION_INFO_PREFIX = "";
				WATCHOS_DEPLOYMENT_TARGET = 8.3;
			};
			name = Release;
		};
		4DBAD29226AF38B90057A5FF /* Debug */ = {
			isa = XCBuildConfiguration;
			buildSettings = {
				ALLOW_TARGET_PLATFORM_SPECIALIZATION = YES;
				ALWAYS_SEARCH_USER_PATHS = NO;
				CLANG_ANALYZER_NONNULL = YES;
				CLANG_ANALYZER_NUMBER_OBJECT_CONVERSION = YES_AGGRESSIVE;
				CLANG_CXX_LANGUAGE_STANDARD = "gnu++14";
				CLANG_CXX_LIBRARY = "libc++";
				CLANG_ENABLE_MODULES = YES;
				CLANG_ENABLE_OBJC_ARC = YES;
				CLANG_ENABLE_OBJC_WEAK = YES;
				CLANG_WARN_BLOCK_CAPTURE_AUTORELEASING = YES;
				CLANG_WARN_BOOL_CONVERSION = YES;
				CLANG_WARN_COMMA = YES;
				CLANG_WARN_CONSTANT_CONVERSION = YES;
				CLANG_WARN_DEPRECATED_OBJC_IMPLEMENTATIONS = YES;
				CLANG_WARN_DIRECT_OBJC_ISA_USAGE = YES_ERROR;
				CLANG_WARN_DOCUMENTATION_COMMENTS = YES;
				CLANG_WARN_EMPTY_BODY = YES;
				CLANG_WARN_ENUM_CONVERSION = YES;
				CLANG_WARN_INFINITE_RECURSION = YES;
				CLANG_WARN_INT_CONVERSION = YES;
				CLANG_WARN_NON_LITERAL_NULL_CONVERSION = YES;
				CLANG_WARN_OBJC_IMPLICIT_RETAIN_SELF = YES;
				CLANG_WARN_OBJC_LITERAL_CONVERSION = YES;
				CLANG_WARN_OBJC_ROOT_CLASS = YES_ERROR;
				CLANG_WARN_QUOTED_INCLUDE_IN_FRAMEWORK_HEADER = YES;
				CLANG_WARN_RANGE_LOOP_ANALYSIS = YES;
				CLANG_WARN_STRICT_PROTOTYPES = YES;
				CLANG_WARN_SUSPICIOUS_MOVE = YES;
				CLANG_WARN_UNGUARDED_AVAILABILITY = YES_AGGRESSIVE;
				CLANG_WARN_UNREACHABLE_CODE = YES;
				CLANG_WARN__DUPLICATE_METHOD_MATCH = YES;
				COPY_PHASE_STRIP = NO;
				DEBUG_INFORMATION_FORMAT = dwarf;
				ENABLE_STRICT_OBJC_MSGSEND = YES;
				ENABLE_TESTABILITY = YES;
				GCC_C_LANGUAGE_STANDARD = gnu11;
				GCC_DYNAMIC_NO_PIC = NO;
				GCC_NO_COMMON_BLOCKS = YES;
				GCC_OPTIMIZATION_LEVEL = 0;
				GCC_PREPROCESSOR_DEFINITIONS = (
					"DEBUG=1",
					"$(inherited)",
				);
				GCC_WARN_64_TO_32_BIT_CONVERSION = YES;
				GCC_WARN_ABOUT_RETURN_TYPE = YES_ERROR;
				GCC_WARN_UNDECLARED_SELECTOR = YES;
				GCC_WARN_UNINITIALIZED_AUTOS = YES_AGGRESSIVE;
				GCC_WARN_UNUSED_FUNCTION = YES;
				GCC_WARN_UNUSED_VARIABLE = YES;
				IPHONEOS_DEPLOYMENT_TARGET = 15.2;
				MTL_ENABLE_DEBUG_INFO = INCLUDE_SOURCE;
				MTL_FAST_MATH = YES;
				ONLY_ACTIVE_ARCH = YES;
				SDKROOT = iphoneos;
				SUPPORTED_PLATFORMS = "watchsimulator watchos macosx iphonesimulator iphoneos driverkit appletvsimulator appletvos";
				SUPPORTS_MACCATALYST = YES;
				SWIFT_ACTIVE_COMPILATION_CONDITIONS = DEBUG;
				SWIFT_OPTIMIZATION_LEVEL = "-Onone";
			};
			name = Debug;
		};
		4DBAD29326AF38B90057A5FF /* Release */ = {
			isa = XCBuildConfiguration;
			buildSettings = {
				ALLOW_TARGET_PLATFORM_SPECIALIZATION = YES;
				ALWAYS_SEARCH_USER_PATHS = NO;
				CLANG_ANALYZER_NONNULL = YES;
				CLANG_ANALYZER_NUMBER_OBJECT_CONVERSION = YES_AGGRESSIVE;
				CLANG_CXX_LANGUAGE_STANDARD = "gnu++14";
				CLANG_CXX_LIBRARY = "libc++";
				CLANG_ENABLE_MODULES = YES;
				CLANG_ENABLE_OBJC_ARC = YES;
				CLANG_ENABLE_OBJC_WEAK = YES;
				CLANG_WARN_BLOCK_CAPTURE_AUTORELEASING = YES;
				CLANG_WARN_BOOL_CONVERSION = YES;
				CLANG_WARN_COMMA = YES;
				CLANG_WARN_CONSTANT_CONVERSION = YES;
				CLANG_WARN_DEPRECATED_OBJC_IMPLEMENTATIONS = YES;
				CLANG_WARN_DIRECT_OBJC_ISA_USAGE = YES_ERROR;
				CLANG_WARN_DOCUMENTATION_COMMENTS = YES;
				CLANG_WARN_EMPTY_BODY = YES;
				CLANG_WARN_ENUM_CONVERSION = YES;
				CLANG_WARN_INFINITE_RECURSION = YES;
				CLANG_WARN_INT_CONVERSION = YES;
				CLANG_WARN_NON_LITERAL_NULL_CONVERSION = YES;
				CLANG_WARN_OBJC_IMPLICIT_RETAIN_SELF = YES;
				CLANG_WARN_OBJC_LITERAL_CONVERSION = YES;
				CLANG_WARN_OBJC_ROOT_CLASS = YES_ERROR;
				CLANG_WARN_QUOTED_INCLUDE_IN_FRAMEWORK_HEADER = YES;
				CLANG_WARN_RANGE_LOOP_ANALYSIS = YES;
				CLANG_WARN_STRICT_PROTOTYPES = YES;
				CLANG_WARN_SUSPICIOUS_MOVE = YES;
				CLANG_WARN_UNGUARDED_AVAILABILITY = YES_AGGRESSIVE;
				CLANG_WARN_UNREACHABLE_CODE = YES;
				CLANG_WARN__DUPLICATE_METHOD_MATCH = YES;
				COPY_PHASE_STRIP = NO;
				DEBUG_INFORMATION_FORMAT = "dwarf-with-dsym";
				ENABLE_NS_ASSERTIONS = NO;
				ENABLE_STRICT_OBJC_MSGSEND = YES;
				GCC_C_LANGUAGE_STANDARD = gnu11;
				GCC_NO_COMMON_BLOCKS = YES;
				GCC_WARN_64_TO_32_BIT_CONVERSION = YES;
				GCC_WARN_ABOUT_RETURN_TYPE = YES_ERROR;
				GCC_WARN_UNDECLARED_SELECTOR = YES;
				GCC_WARN_UNINITIALIZED_AUTOS = YES_AGGRESSIVE;
				GCC_WARN_UNUSED_FUNCTION = YES;
				GCC_WARN_UNUSED_VARIABLE = YES;
				IPHONEOS_DEPLOYMENT_TARGET = 15.2;
				MTL_ENABLE_DEBUG_INFO = NO;
				MTL_FAST_MATH = YES;
				SDKROOT = iphoneos;
				SUPPORTED_PLATFORMS = "watchsimulator watchos macosx iphonesimulator iphoneos driverkit appletvsimulator appletvos";
				SUPPORTS_MACCATALYST = YES;
				SWIFT_COMPILATION_MODE = wholemodule;
				SWIFT_OPTIMIZATION_LEVEL = "-O";
				VALIDATE_PRODUCT = YES;
			};
			name = Release;
		};
		4DBAD29526AF38B90057A5FF /* Debug */ = {
			isa = XCBuildConfiguration;
			buildSettings = {
				ALLOW_TARGET_PLATFORM_SPECIALIZATION = YES;
				ALWAYS_EMBED_SWIFT_STANDARD_LIBRARIES = YES;
				ASSETCATALOG_COMPILER_APPICON_NAME = AppIcon;
				ASSETCATALOG_COMPILER_GLOBAL_ACCENT_COLOR_NAME = AccentColor;
				CLANG_ENABLE_MODULES = YES;
				CODE_SIGN_ENTITLEMENTS = TodoAppSwifUI/TodoAppSwifUI.entitlements;
				"CODE_SIGN_IDENTITY[sdk=macosx*]" = "Apple Development";
				CODE_SIGN_STYLE = Automatic;
				DEVELOPMENT_ASSET_PATHS = "\"TodoAppSwifUI/Preview Content\"";
				DEVELOPMENT_TEAM = A28NKSTKN3;
				DRIVERKIT_DEPLOYMENT_TARGET = 21.2;
				"ENABLE_HARDENED_RUNTIME[sdk=macosx*]" = YES;
				ENABLE_PREVIEWS = YES;
				INFOPLIST_FILE = TodoAppSwifUI/Info.plist;
				IPHONEOS_DEPLOYMENT_TARGET = 15.2;
				"IPHONEOS_DEPLOYMENT_TARGET[sdk=macosx*]" = 14.7;
				LD_RUNPATH_SEARCH_PATHS = (
					"$(inherited)",
					"@executable_path/Frameworks",
				);
				MACOSX_DEPLOYMENT_TARGET = 11.5;
				PRODUCT_BUNDLE_IDENTIFIER = com.forever.bee.todolist;
				"PRODUCT_BUNDLE_IDENTIFIER[sdk=macosx*]" = maccatalyst.com.forever.bee.todolist;
				PRODUCT_NAME = "$(TARGET_NAME)";
				SUPPORTED_PLATFORMS = "watchsimulator watchos macosx iphonesimulator iphoneos driverkit appletvsimulator appletvos";
				SUPPORTS_MACCATALYST = YES;
				SWIFT_OBJC_BRIDGING_HEADER = "PetKit/TodoAppSwifUI-Bridging-Header.h";
				SWIFT_OPTIMIZATION_LEVEL = "-Onone";
				SWIFT_VERSION = 5.0;
				TARGETED_DEVICE_FAMILY = "1,2,6";
				TVOS_DEPLOYMENT_TARGET = 15.2;
				WATCHOS_DEPLOYMENT_TARGET = 8.3;
			};
			name = Debug;
		};
		4DBAD29626AF38B90057A5FF /* Release */ = {
			isa = XCBuildConfiguration;
			buildSettings = {
				ALLOW_TARGET_PLATFORM_SPECIALIZATION = YES;
				ALWAYS_EMBED_SWIFT_STANDARD_LIBRARIES = YES;
				ASSETCATALOG_COMPILER_APPICON_NAME = AppIcon;
				ASSETCATALOG_COMPILER_GLOBAL_ACCENT_COLOR_NAME = AccentColor;
				CLANG_ENABLE_MODULES = YES;
				CODE_SIGN_ENTITLEMENTS = TodoAppSwifUI/TodoAppSwifUI.entitlements;
				"CODE_SIGN_IDENTITY[sdk=macosx*]" = "Apple Development";
				CODE_SIGN_STYLE = Automatic;
				DEVELOPMENT_ASSET_PATHS = "\"TodoAppSwifUI/Preview Content\"";
				DEVELOPMENT_TEAM = A28NKSTKN3;
				DRIVERKIT_DEPLOYMENT_TARGET = 21.2;
				"ENABLE_HARDENED_RUNTIME[sdk=macosx*]" = YES;
				ENABLE_PREVIEWS = YES;
				INFOPLIST_FILE = TodoAppSwifUI/Info.plist;
				IPHONEOS_DEPLOYMENT_TARGET = 15.2;
				"IPHONEOS_DEPLOYMENT_TARGET[sdk=macosx*]" = 14.7;
				LD_RUNPATH_SEARCH_PATHS = (
					"$(inherited)",
					"@executable_path/Frameworks",
				);
				MACOSX_DEPLOYMENT_TARGET = 11.5;
				PRODUCT_BUNDLE_IDENTIFIER = com.forever.bee.todolist;
				"PRODUCT_BUNDLE_IDENTIFIER[sdk=macosx*]" = maccatalyst.com.forever.bee.todolist;
				PRODUCT_NAME = "$(TARGET_NAME)";
				SUPPORTED_PLATFORMS = "watchsimulator watchos macosx iphonesimulator iphoneos driverkit appletvsimulator appletvos";
				SUPPORTS_MACCATALYST = YES;
				SWIFT_OBJC_BRIDGING_HEADER = "PetKit/TodoAppSwifUI-Bridging-Header.h";
				SWIFT_VERSION = 5.0;
				TARGETED_DEVICE_FAMILY = "1,2,6";
				TVOS_DEPLOYMENT_TARGET = 15.2;
				WATCHOS_DEPLOYMENT_TARGET = 8.3;
			};
			name = Release;
		};
/* End XCBuildConfiguration section */

/* Begin XCConfigurationList section */
		4D07A6CD29434E69007E83B6 /* Build configuration list for PBXNativeTarget "TutorialAbout" */ = {
			isa = XCConfigurationList;
			buildConfigurations = (
				4D07A6CB29434E69007E83B6 /* Debug */,
				4D07A6CC29434E69007E83B6 /* Release */,
			);
			defaultConfigurationIsVisible = 0;
			defaultConfigurationName = Release;
		};
		4D3AFA092942E11F00F18C1A /* Build configuration list for PBXNativeTarget "TutorialOnboarding" */ = {
			isa = XCConfigurationList;
			buildConfigurations = (
				4D3AFA072942E11F00F18C1A /* Debug */,
				4D3AFA082942E11F00F18C1A /* Release */,
			);
			defaultConfigurationIsVisible = 0;
			defaultConfigurationName = Release;
		};
		4D8541DC2946D1AB002B2863 /* Build configuration list for PBXNativeTarget "PetKit" */ = {
			isa = XCConfigurationList;
			buildConfigurations = (
				4D8541DA2946D1AB002B2863 /* Debug */,
				4D8541DB2946D1AB002B2863 /* Release */,
			);
			defaultConfigurationIsVisible = 0;
			defaultConfigurationName = Release;
		};
		4DBAD28026AF38AE0057A5FF /* Build configuration list for PBXProject "TodoAppSwifUI" */ = {
			isa = XCConfigurationList;
			buildConfigurations = (
				4DBAD29226AF38B90057A5FF /* Debug */,
				4DBAD29326AF38B90057A5FF /* Release */,
			);
			defaultConfigurationIsVisible = 0;
			defaultConfigurationName = Release;
		};
		4DBAD29426AF38B90057A5FF /* Build configuration list for PBXNativeTarget "TodoAppSwifUI" */ = {
			isa = XCConfigurationList;
			buildConfigurations = (
				4DBAD29526AF38B90057A5FF /* Debug */,
				4DBAD29626AF38B90057A5FF /* Release */,
			);
			defaultConfigurationIsVisible = 0;
			defaultConfigurationName = Release;
		};
/* End XCConfigurationList section */

/* Begin XCRemoteSwiftPackageReference section */
		4D69629129444D16003EF0A3 /* XCRemoteSwiftPackageReference "TutorialAboutPackage" */ = {
			isa = XCRemoteSwiftPackageReference;
			repositoryURL = "https://github.com/DevOpsThinh/TutorialAboutPackage";
			requirement = {
				branch = master;
				kind = branch;
			};
		};
		4DA1ED862940A27D0087BD37 /* XCRemoteSwiftPackageReference "firebase-ios-sdk" */ = {
			isa = XCRemoteSwiftPackageReference;
			repositoryURL = "https://github.com/firebase/firebase-ios-sdk";
			requirement = {
				kind = upToNextMajorVersion;
				minimumVersion = 9.0.0;
			};
		};
		4DFEC116293FB34400590ED0 /* XCRemoteSwiftPackageReference "url-image" */ = {
			isa = XCRemoteSwiftPackageReference;
			repositoryURL = "https://github.com/dmytro-anokhin/url-image";
			requirement = {
				kind = upToNextMajorVersion;
				minimumVersion = 3.0.0;
			};
		};
/* End XCRemoteSwiftPackageReference section */

/* Begin XCSwiftPackageProductDependency section */
		4D69629229444D16003EF0A3 /* TutorialAbout */ = {
			isa = XCSwiftPackageProductDependency;
			package = 4D69629129444D16003EF0A3 /* XCRemoteSwiftPackageReference "TutorialAboutPackage" */;
			productName = TutorialAbout;
		};
		4DA1ED872940A27D0087BD37 /* FirebaseAnalytics */ = {
			isa = XCSwiftPackageProductDependency;
			package = 4DA1ED862940A27D0087BD37 /* XCRemoteSwiftPackageReference "firebase-ios-sdk" */;
			productName = FirebaseAnalytics;
		};
		4DA1ED892940A27D0087BD37 /* FirebaseAnalyticsWithoutAdIdSupport */ = {
			isa = XCSwiftPackageProductDependency;
			package = 4DA1ED862940A27D0087BD37 /* XCRemoteSwiftPackageReference "firebase-ios-sdk" */;
			productName = FirebaseAnalyticsWithoutAdIdSupport;
		};
		4DA1ED8B2940A27D0087BD37 /* FirebaseAuth */ = {
			isa = XCSwiftPackageProductDependency;
			package = 4DA1ED862940A27D0087BD37 /* XCRemoteSwiftPackageReference "firebase-ios-sdk" */;
			productName = FirebaseAuth;
		};
		4DA1ED8D2940A27D0087BD37 /* FirebaseDatabase */ = {
			isa = XCSwiftPackageProductDependency;
			package = 4DA1ED862940A27D0087BD37 /* XCRemoteSwiftPackageReference "firebase-ios-sdk" */;
			productName = FirebaseDatabase;
		};
		4DA1ED8F2940A27D0087BD37 /* FirebaseFirestore */ = {
			isa = XCSwiftPackageProductDependency;
			package = 4DA1ED862940A27D0087BD37 /* XCRemoteSwiftPackageReference "firebase-ios-sdk" */;
			productName = FirebaseFirestore;
		};
		4DA1ED912940A27D0087BD37 /* FirebaseStorage */ = {
			isa = XCSwiftPackageProductDependency;
			package = 4DA1ED862940A27D0087BD37 /* XCRemoteSwiftPackageReference "firebase-ios-sdk" */;
			productName = FirebaseStorage;
		};
		4DFEC117293FB34500590ED0 /* URLImage */ = {
			isa = XCSwiftPackageProductDependency;
			package = 4DFEC116293FB34400590ED0 /* XCRemoteSwiftPackageReference "url-image" */;
			productName = URLImage;
		};
/* End XCSwiftPackageProductDependency section */

/* Begin XCVersionGroup section */
		4DB94E13293E56ED007C8064 /* Todo.xcdatamodeld */ = {
			isa = XCVersionGroup;
			children = (
				4DB94E14293E56ED007C8064 /* Todo.xcdatamodel */,
			);
			currentVersion = 4DB94E14293E56ED007C8064 /* Todo.xcdatamodel */;
			path = Todo.xcdatamodeld;
			sourceTree = "<group>";
			versionGroupType = wrapper.xcdatamodel;
		};
/* End XCVersionGroup section */
	};
	rootObject = 4DBAD27D26AF38AE0057A5FF /* Project object */;
}
